// !$*UTF8*$!
{
	archiveVersion = 1;
	classes = {
	};
	objectVersion = 46;
	objects = {

/* Begin PBXBuildFile section */
		044BB2F31A3BF1260003B71D /* SettingIndexViewController.m in Sources */ = {isa = PBXBuildFile; fileRef = 044BB2F21A3BF1260003B71D /* SettingIndexViewController.m */; };
		045106D21A45B6AB0099BF0E /* aircona.png in Resources */ = {isa = PBXBuildFile; fileRef = 045106B91A45B6AB0099BF0E /* aircona.png */; };
		045106D31A45B6AB0099BF0E /* curtain.png in Resources */ = {isa = PBXBuildFile; fileRef = 045106BA1A45B6AB0099BF0E /* curtain.png */; };
		045106D41A45B6AB0099BF0E /* curtaina.png in Resources */ = {isa = PBXBuildFile; fileRef = 045106BB1A45B6AB0099BF0E /* curtaina.png */; };
		045106D51A45B6AB0099BF0E /* dinner.png in Resources */ = {isa = PBXBuildFile; fileRef = 045106BC1A45B6AB0099BF0E /* dinner.png */; };
		045106D61A45B6AB0099BF0E /* entertainment.png in Resources */ = {isa = PBXBuildFile; fileRef = 045106BD1A45B6AB0099BF0E /* entertainment.png */; };
		045106D71A45B6AB0099BF0E /* fitting.png in Resources */ = {isa = PBXBuildFile; fileRef = 045106BE1A45B6AB0099BF0E /* fitting.png */; };
		045106D81A45B6AB0099BF0E /* gym.png in Resources */ = {isa = PBXBuildFile; fileRef = 045106BF1A45B6AB0099BF0E /* gym.png */; };
		045106D91A45B6AB0099BF0E /* home_arming.png in Resources */ = {isa = PBXBuildFile; fileRef = 045106C01A45B6AB0099BF0E /* home_arming.png */; };
		045106DA1A45B6AB0099BF0E /* home_at.png in Resources */ = {isa = PBXBuildFile; fileRef = 045106C11A45B6AB0099BF0E /* home_at.png */; };
		045106DB1A45B6AB0099BF0E /* home_away.png in Resources */ = {isa = PBXBuildFile; fileRef = 045106C21A45B6AB0099BF0E /* home_away.png */; };
		045106DC1A45B6AB0099BF0E /* home_disarm.png in Resources */ = {isa = PBXBuildFile; fileRef = 045106C31A45B6AB0099BF0E /* home_disarm.png */; };
		045106DD1A45B6AB0099BF0E /* home_midnight.png in Resources */ = {isa = PBXBuildFile; fileRef = 045106C41A45B6AB0099BF0E /* home_midnight.png */; };
		045106DE1A45B6AB0099BF0E /* makeup.png in Resources */ = {isa = PBXBuildFile; fileRef = 045106C51A45B6AB0099BF0E /* makeup.png */; };
		045106DF1A45B6AB0099BF0E /* meeting.png in Resources */ = {isa = PBXBuildFile; fileRef = 045106C61A45B6AB0099BF0E /* meeting.png */; };
		045106E01A45B6AB0099BF0E /* party.png in Resources */ = {isa = PBXBuildFile; fileRef = 045106C71A45B6AB0099BF0E /* party.png */; };
		045106E11A45B6AB0099BF0E /* playground.png in Resources */ = {isa = PBXBuildFile; fileRef = 045106C81A45B6AB0099BF0E /* playground.png */; };
		045106E21A45B6AB0099BF0E /* pray.png in Resources */ = {isa = PBXBuildFile; fileRef = 045106C91A45B6AB0099BF0E /* pray.png */; };
		045106E31A45B6AB0099BF0E /* romance.png in Resources */ = {isa = PBXBuildFile; fileRef = 045106CA1A45B6AB0099BF0E /* romance.png */; };
		045106E41A45B6AB0099BF0E /* shower.png in Resources */ = {isa = PBXBuildFile; fileRef = 045106CB1A45B6AB0099BF0E /* shower.png */; };
		045106E51A45B6AB0099BF0E /* silent.png in Resources */ = {isa = PBXBuildFile; fileRef = 045106CC1A45B6AB0099BF0E /* silent.png */; };
		045106E61A45B6AB0099BF0E /* sleeping_day.png in Resources */ = {isa = PBXBuildFile; fileRef = 045106CD1A45B6AB0099BF0E /* sleeping_day.png */; };
		045106E71A45B6AB0099BF0E /* sleeping_night.png in Resources */ = {isa = PBXBuildFile; fileRef = 045106CE1A45B6AB0099BF0E /* sleeping_night.png */; };
		045106E81A45B6AB0099BF0E /* study.png in Resources */ = {isa = PBXBuildFile; fileRef = 045106CF1A45B6AB0099BF0E /* study.png */; };
		045106E91A45B6AB0099BF0E /* summer.png in Resources */ = {isa = PBXBuildFile; fileRef = 045106D01A45B6AB0099BF0E /* summer.png */; };
		045106EA1A45B6AB0099BF0E /* winter.png in Resources */ = {isa = PBXBuildFile; fileRef = 045106D11A45B6AB0099BF0E /* winter.png */; };
		045106ED1A45BAAE0099BF0E /* checkbox_selected.png in Resources */ = {isa = PBXBuildFile; fileRef = 045106EB1A45BAAE0099BF0E /* checkbox_selected.png */; };
		045106EE1A45BAAE0099BF0E /* checkbox_unselect.png in Resources */ = {isa = PBXBuildFile; fileRef = 045106EC1A45BAAE0099BF0E /* checkbox_unselect.png */; };
		045106F01A45C2170099BF0E /* add_model.png in Resources */ = {isa = PBXBuildFile; fileRef = 045106EF1A45C2170099BF0E /* add_model.png */; };
		045106F21A45C3020099BF0E /* image_model_add.png in Resources */ = {isa = PBXBuildFile; fileRef = 045106F11A45C3020099BF0E /* image_model_add.png */; };
		045106F71A45C59A0099BF0E /* setting_icon-iPad.png in Resources */ = {isa = PBXBuildFile; fileRef = 045106F31A45C59A0099BF0E /* setting_icon-iPad.png */; };
		045106F81A45C59A0099BF0E /* setting_icon-iPad@2x.png in Resources */ = {isa = PBXBuildFile; fileRef = 045106F41A45C59A0099BF0E /* setting_icon-iPad@2x.png */; };
		045106F91A45C59A0099BF0E /* setting_icon.png in Resources */ = {isa = PBXBuildFile; fileRef = 045106F51A45C59A0099BF0E /* setting_icon.png */; };
		045106FA1A45C59A0099BF0E /* setting_icon@2x.png in Resources */ = {isa = PBXBuildFile; fileRef = 045106F61A45C59A0099BF0E /* setting_icon@2x.png */; };
		0452C09C1A346269009188E0 /* BaseServerParser.m in Sources */ = {isa = PBXBuildFile; fileRef = 0452C09B1A346269009188E0 /* BaseServerParser.m */; };
		0452C09F1A346F74009188E0 /* logo_phone.png in Resources */ = {isa = PBXBuildFile; fileRef = 0452C09D1A346F74009188E0 /* logo_phone.png */; };
		0452C0A01A346F74009188E0 /* logo_phone@2x.png in Resources */ = {isa = PBXBuildFile; fileRef = 0452C09E1A346F74009188E0 /* logo_phone@2x.png */; };
		045774831A39659700F809D9 /* SceneModeViewController.m in Sources */ = {isa = PBXBuildFile; fileRef = 045774821A39659700F809D9 /* SceneModeViewController.m */; };
		045774861A3965EE00F809D9 /* LoginViewController.m in Sources */ = {isa = PBXBuildFile; fileRef = 045774851A3965EE00F809D9 /* LoginViewController.m */; };
		045774881A396A3100F809D9 /* divider_horizontal_line.png in Resources */ = {isa = PBXBuildFile; fileRef = 045774871A396A3100F809D9 /* divider_horizontal_line.png */; };
		0457748A1A396C1200F809D9 /* login_input.png in Resources */ = {isa = PBXBuildFile; fileRef = 045774891A396C1200F809D9 /* login_input.png */; };
		0457748D1A396D3B00F809D9 /* login_checkbox_btn_selected.png in Resources */ = {isa = PBXBuildFile; fileRef = 0457748B1A396D3B00F809D9 /* login_checkbox_btn_selected.png */; };
		0457748E1A396D3B00F809D9 /* login_checkbox_btn.png in Resources */ = {isa = PBXBuildFile; fileRef = 0457748C1A396D3B00F809D9 /* login_checkbox_btn.png */; };
		045774911A3970C600F809D9 /* login_btn_press.png in Resources */ = {isa = PBXBuildFile; fileRef = 0457748F1A3970C600F809D9 /* login_btn_press.png */; };
		045774921A3970C600F809D9 /* login_btn.png in Resources */ = {isa = PBXBuildFile; fileRef = 045774901A3970C600F809D9 /* login_btn.png */; };
		045774981A397F7900F809D9 /* BaseViewController.m in Sources */ = {isa = PBXBuildFile; fileRef = 045774971A397F7900F809D9 /* BaseViewController.m */; };
		045F48401A53D60D00AC520E /* SceneTableCell.m in Sources */ = {isa = PBXBuildFile; fileRef = 045F483F1A53D60D00AC520E /* SceneTableCell.m */; };
		046410DE1A3C01AD00571658 /* BaseNavigationController.m in Sources */ = {isa = PBXBuildFile; fileRef = 046410DD1A3C01AD00571658 /* BaseNavigationController.m */; };
		046410E11A3C086F00571658 /* BasePushSegue.m in Sources */ = {isa = PBXBuildFile; fileRef = 046410E01A3C086F00571658 /* BasePushSegue.m */; };
		046CEE1A1A34463B00BC79E4 /* Default-Landscape@2x~ipad.png in Resources */ = {isa = PBXBuildFile; fileRef = 046CEE161A34463B00BC79E4 /* Default-Landscape@2x~ipad.png */; };
		046CEE1B1A34463B00BC79E4 /* Default-Landscape~ipad.png in Resources */ = {isa = PBXBuildFile; fileRef = 046CEE171A34463B00BC79E4 /* Default-Landscape~ipad.png */; };
		046CEE1C1A34463B00BC79E4 /* Default-Portrait@2x~ipad.png in Resources */ = {isa = PBXBuildFile; fileRef = 046CEE181A34463B00BC79E4 /* Default-Portrait@2x~ipad.png */; };
		046CEE1D1A34463B00BC79E4 /* Default-Portrait~ipad.png in Resources */ = {isa = PBXBuildFile; fileRef = 046CEE191A34463B00BC79E4 /* Default-Portrait~ipad.png */; };
		046CEE1F1A34500A00BC79E4 /* SystemConfiguration.framework in Frameworks */ = {isa = PBXBuildFile; fileRef = 046CEE1E1A34500A00BC79E4 /* SystemConfiguration.framework */; };
		046CEE211A34501F00BC79E4 /* CFNetwork.framework in Frameworks */ = {isa = PBXBuildFile; fileRef = 046CEE201A34501F00BC79E4 /* CFNetwork.framework */; };
		046CEE231A34502C00BC79E4 /* Security.framework in Frameworks */ = {isa = PBXBuildFile; fileRef = 046CEE221A34502C00BC79E4 /* Security.framework */; };
		046CEE361A34557900BC79E4 /* CodeUtil.m in Sources */ = {isa = PBXBuildFile; fileRef = 046CEE271A34557900BC79E4 /* CodeUtil.m */; };
		046CEE371A34557900BC79E4 /* FileManager.m in Sources */ = {isa = PBXBuildFile; fileRef = 046CEE291A34557900BC79E4 /* FileManager.m */; };
		046CEE381A34557900BC79E4 /* HZActivityIndicatorView.m in Sources */ = {isa = PBXBuildFile; fileRef = 046CEE2B1A34557900BC79E4 /* HZActivityIndicatorView.m */; };
		046CEE391A34557900BC79E4 /* JsonParser.m in Sources */ = {isa = PBXBuildFile; fileRef = 046CEE2D1A34557900BC79E4 /* JsonParser.m */; };
		046CEE3A1A34557900BC79E4 /* MyServerIdManager.m in Sources */ = {isa = PBXBuildFile; fileRef = 046CEE2F1A34557900BC79E4 /* MyServerIdManager.m */; };
		046CEE3B1A34557900BC79E4 /* PulsingHaloLayer.m in Sources */ = {isa = PBXBuildFile; fileRef = 046CEE311A34557900BC79E4 /* PulsingHaloLayer.m */; };
		046CEE3C1A34557900BC79E4 /* TcpSocketHelper.m in Sources */ = {isa = PBXBuildFile; fileRef = 046CEE331A34557900BC79E4 /* TcpSocketHelper.m */; };
		046CEE3D1A34557900BC79E4 /* UdpIndicatorViewController.m in Sources */ = {isa = PBXBuildFile; fileRef = 046CEE351A34557900BC79E4 /* UdpIndicatorViewController.m */; };
		046CEE581A3455A000BC79E4 /* NSObject+SBJson.m in Sources */ = {isa = PBXBuildFile; fileRef = 046CEE401A3455A000BC79E4 /* NSObject+SBJson.m */; };
		046CEE591A3455A000BC79E4 /* SBJsonParser.m in Sources */ = {isa = PBXBuildFile; fileRef = 046CEE431A3455A000BC79E4 /* SBJsonParser.m */; };
		046CEE5A1A3455A000BC79E4 /* SBJsonStreamParser.m in Sources */ = {isa = PBXBuildFile; fileRef = 046CEE451A3455A000BC79E4 /* SBJsonStreamParser.m */; };
		046CEE5B1A3455A000BC79E4 /* SBJsonStreamParserAccumulator.m in Sources */ = {isa = PBXBuildFile; fileRef = 046CEE471A3455A000BC79E4 /* SBJsonStreamParserAccumulator.m */; };
		046CEE5C1A3455A000BC79E4 /* SBJsonStreamParserAdapter.m in Sources */ = {isa = PBXBuildFile; fileRef = 046CEE491A3455A000BC79E4 /* SBJsonStreamParserAdapter.m */; };
		046CEE5D1A3455A000BC79E4 /* SBJsonStreamParserState.m in Sources */ = {isa = PBXBuildFile; fileRef = 046CEE4B1A3455A000BC79E4 /* SBJsonStreamParserState.m */; };
		046CEE5E1A3455A000BC79E4 /* SBJsonStreamWriter.m in Sources */ = {isa = PBXBuildFile; fileRef = 046CEE4D1A3455A000BC79E4 /* SBJsonStreamWriter.m */; };
		046CEE5F1A3455A000BC79E4 /* SBJsonStreamWriterAccumulator.m in Sources */ = {isa = PBXBuildFile; fileRef = 046CEE4F1A3455A000BC79E4 /* SBJsonStreamWriterAccumulator.m */; };
		046CEE601A3455A000BC79E4 /* SBJsonStreamWriterState.m in Sources */ = {isa = PBXBuildFile; fileRef = 046CEE511A3455A000BC79E4 /* SBJsonStreamWriterState.m */; };
		046CEE611A3455A000BC79E4 /* SBJsonTokeniser.m in Sources */ = {isa = PBXBuildFile; fileRef = 046CEE531A3455A000BC79E4 /* SBJsonTokeniser.m */; };
		046CEE621A3455A000BC79E4 /* SBJsonUTF8Stream.m in Sources */ = {isa = PBXBuildFile; fileRef = 046CEE551A3455A000BC79E4 /* SBJsonUTF8Stream.m */; };
		046CEE631A3455A000BC79E4 /* SBJsonWriter.m in Sources */ = {isa = PBXBuildFile; fileRef = 046CEE571A3455A000BC79E4 /* SBJsonWriter.m */; };
		046CEE691A3455BC00BC79E4 /* GCDAsyncSocket.m in Sources */ = {isa = PBXBuildFile; fileRef = 046CEE661A3455BC00BC79E4 /* GCDAsyncSocket.m */; };
		046CEE6A1A3455BC00BC79E4 /* GCDAsyncUdpSocket.m in Sources */ = {isa = PBXBuildFile; fileRef = 046CEE681A3455BC00BC79E4 /* GCDAsyncUdpSocket.m */; };
		046CEE761A3455D000BC79E4 /* CloNetworkUtil.m in Sources */ = {isa = PBXBuildFile; fileRef = 046CEE6D1A3455D000BC79E4 /* CloNetworkUtil.m */; };
		046CEE771A3455D000BC79E4 /* IPAdress.c in Sources */ = {isa = PBXBuildFile; fileRef = 046CEE6F1A3455D000BC79E4 /* IPAdress.c */; };
		046CEE781A3455D000BC79E4 /* NetworkHelper.m in Sources */ = {isa = PBXBuildFile; fileRef = 046CEE711A3455D000BC79E4 /* NetworkHelper.m */; };
		046CEE791A3455D000BC79E4 /* NSDataAES.m in Sources */ = {isa = PBXBuildFile; fileRef = 046CEE731A3455D000BC79E4 /* NSDataAES.m */; };
		046CEE7A1A3455D000BC79E4 /* Reachability.m in Sources */ = {isa = PBXBuildFile; fileRef = 046CEE751A3455D000BC79E4 /* Reachability.m */; };
		047471531A3C88E4006FD502 /* CustomBadge.m in Sources */ = {isa = PBXBuildFile; fileRef = 047471481A3C88E4006FD502 /* CustomBadge.m */; };
		047471541A3C88E4006FD502 /* MyLauncherItem.m in Sources */ = {isa = PBXBuildFile; fileRef = 0474714A1A3C88E4006FD502 /* MyLauncherItem.m */; };
		047471551A3C88E4006FD502 /* MyLauncherPageControl.m in Sources */ = {isa = PBXBuildFile; fileRef = 0474714C1A3C88E4006FD502 /* MyLauncherPageControl.m */; };
		047471561A3C88E4006FD502 /* MyLauncherScrollView.m in Sources */ = {isa = PBXBuildFile; fileRef = 0474714E1A3C88E4006FD502 /* MyLauncherScrollView.m */; };
		047471571A3C88E4006FD502 /* MyLauncherView.m in Sources */ = {isa = PBXBuildFile; fileRef = 047471501A3C88E4006FD502 /* MyLauncherView.m */; };
		047471581A3C88E4006FD502 /* MyLauncherViewController.m in Sources */ = {isa = PBXBuildFile; fileRef = 047471521A3C88E4006FD502 /* MyLauncherViewController.m */; };
		0474715B1A3C894D006FD502 /* ItemViewController.m in Sources */ = {isa = PBXBuildFile; fileRef = 0474715A1A3C894D006FD502 /* ItemViewController.m */; };
		047471611A3C905C006FD502 /* close.png in Resources */ = {isa = PBXBuildFile; fileRef = 0474715C1A3C905C006FD502 /* close.png */; };
		047471621A3C905C006FD502 /* itemImage-iPad.png in Resources */ = {isa = PBXBuildFile; fileRef = 0474715D1A3C905C006FD502 /* itemImage-iPad.png */; };
		047471631A3C905C006FD502 /* itemImage.png in Resources */ = {isa = PBXBuildFile; fileRef = 0474715E1A3C905C006FD502 /* itemImage.png */; };
		047471641A3C905C006FD502 /* itemImage@2x.png in Resources */ = {isa = PBXBuildFile; fileRef = 0474715F1A3C905C006FD502 /* itemImage@2x.png */; };
		047471651A3C905C006FD502 /* launcher.png in Resources */ = {isa = PBXBuildFile; fileRef = 047471601A3C905C006FD502 /* launcher.png */; };
		047471681A3CA647006FD502 /* book.png in Resources */ = {isa = PBXBuildFile; fileRef = 047471661A3CA647006FD502 /* book.png */; };
		047471691A3CA647006FD502 /* book@2x.png in Resources */ = {isa = PBXBuildFile; fileRef = 047471671A3CA647006FD502 /* book@2x.png */; };
		048C3CAC1A494273005180A3 /* icon_selected.png in Resources */ = {isa = PBXBuildFile; fileRef = 048C3CAA1A494273005180A3 /* icon_selected.png */; };
		048C3CAD1A494273005180A3 /* icon_selected@2x.png in Resources */ = {isa = PBXBuildFile; fileRef = 048C3CAB1A494273005180A3 /* icon_selected@2x.png */; };
		049D55001A53899700C97B91 /* synchronized.png in Resources */ = {isa = PBXBuildFile; fileRef = 049D54FE1A53899700C97B91 /* synchronized.png */; };
		049D55011A53899700C97B91 /* synchronized@2x.png in Resources */ = {isa = PBXBuildFile; fileRef = 049D54FF1A53899700C97B91 /* synchronized@2x.png */; };
		04BF07FD1A399A8B00F41510 /* input_bg_ipa.png in Resources */ = {isa = PBXBuildFile; fileRef = 04BF07FB1A399A8B00F41510 /* input_bg_ipa.png */; };
		04BF07FE1A399A8B00F41510 /* input_bg_ipa@2x.png in Resources */ = {isa = PBXBuildFile; fileRef = 04BF07FC1A399A8B00F41510 /* input_bg_ipa@2x.png */; };
		04C2C27B1A570381001A6E34 /* LocalFileManager.m in Sources */ = {isa = PBXBuildFile; fileRef = 04C2C27A1A570381001A6E34 /* LocalFileManager.m */; };
		04D3D3E71A34359A00C966EF /* main.m in Sources */ = {isa = PBXBuildFile; fileRef = 04D3D3E61A34359A00C966EF /* main.m */; };
		04D3D3EA1A34359A00C966EF /* AppDelegate.m in Sources */ = {isa = PBXBuildFile; fileRef = 04D3D3E91A34359A00C966EF /* AppDelegate.m */; };
		04D3D3F01A34359A00C966EF /* Main.storyboard in Resources */ = {isa = PBXBuildFile; fileRef = 04D3D3EE1A34359A00C966EF /* Main.storyboard */; };
		04D3D3F21A34359A00C966EF /* Images.xcassets in Resources */ = {isa = PBXBuildFile; fileRef = 04D3D3F11A34359A00C966EF /* Images.xcassets */; };
		04D3D3F51A34359A00C966EF /* LaunchScreen.xib in Resources */ = {isa = PBXBuildFile; fileRef = 04D3D3F31A34359A00C966EF /* LaunchScreen.xib */; };
		04D3D40C1A34367800C966EF /* Foundation.framework in Frameworks */ = {isa = PBXBuildFile; fileRef = 04D3D40B1A34367800C966EF /* Foundation.framework */; };
		04D3D40E1A34368200C966EF /* UIKit.framework in Frameworks */ = {isa = PBXBuildFile; fileRef = 04D3D40D1A34368200C966EF /* UIKit.framework */; };
		04D3D4101A34368D00C966EF /* CoreGraphics.framework in Frameworks */ = {isa = PBXBuildFile; fileRef = 04D3D40F1A34368D00C966EF /* CoreGraphics.framework */; };
		04D3D4201A34408700C966EF /* AppIcon29x29@2x~ipad.png in Resources */ = {isa = PBXBuildFile; fileRef = 04D3D4161A34408700C966EF /* AppIcon29x29@2x~ipad.png */; };
		04D3D4211A34408700C966EF /* AppIcon29x29~ipad.png in Resources */ = {isa = PBXBuildFile; fileRef = 04D3D4171A34408700C966EF /* AppIcon29x29~ipad.png */; };
		04D3D4221A34408700C966EF /* AppIcon40x40@2x~ipad.png in Resources */ = {isa = PBXBuildFile; fileRef = 04D3D4181A34408700C966EF /* AppIcon40x40@2x~ipad.png */; };
		04D3D4231A34408700C966EF /* AppIcon40x40~ipad.png in Resources */ = {isa = PBXBuildFile; fileRef = 04D3D4191A34408700C966EF /* AppIcon40x40~ipad.png */; };
		04D3D4241A34408700C966EF /* AppIcon76x76@2x~ipad.png in Resources */ = {isa = PBXBuildFile; fileRef = 04D3D41A1A34408700C966EF /* AppIcon76x76@2x~ipad.png */; };
		04D3D4251A34408700C966EF /* AppIcon76x76~ipad.png in Resources */ = {isa = PBXBuildFile; fileRef = 04D3D41B1A34408700C966EF /* AppIcon76x76~ipad.png */; };
		04F4C1991A4E8D1100ED459A /* checkbox_normal.png in Resources */ = {isa = PBXBuildFile; fileRef = 04F4C1971A4E8D1100ED459A /* checkbox_normal.png */; };
		04F4C19A1A4E8D1100ED459A /* checkbox_pressed.png in Resources */ = {isa = PBXBuildFile; fileRef = 04F4C1981A4E8D1100ED459A /* checkbox_pressed.png */; };
		C46839CE1A49A4D600463841 /* ExecutionUnit.m in Sources */ = {isa = PBXBuildFile; fileRef = C46839CD1A49A4D600463841 /* ExecutionUnit.m */; };
		C46839D11A49B26200463841 /* ValidateInputUtil.m in Sources */ = {isa = PBXBuildFile; fileRef = C46839D01A49B26200463841 /* ValidateInputUtil.m */; };
		C46C74811A37320C00E1B99B /* background-Landscape.png in Resources */ = {isa = PBXBuildFile; fileRef = C46C747F1A37320C00E1B99B /* background-Landscape.png */; };
		C46C74821A37320C00E1B99B /* background-Portrait.png in Resources */ = {isa = PBXBuildFile; fileRef = C46C74801A37320C00E1B99B /* background-Portrait.png */; };
		C46C74841A37442300E1B99B /* top_icon_bar.png in Resources */ = {isa = PBXBuildFile; fileRef = C46C74831A37442300E1B99B /* top_icon_bar.png */; };
		C46C74891A37486E00E1B99B /* home.png in Resources */ = {isa = PBXBuildFile; fileRef = C46C74851A37486E00E1B99B /* home.png */; };
		C46C748A1A37486E00E1B99B /* message.png in Resources */ = {isa = PBXBuildFile; fileRef = C46C74861A37486E00E1B99B /* message.png */; };
		C46C748B1A37486E00E1B99B /* phone.png in Resources */ = {isa = PBXBuildFile; fileRef = C46C74871A37486E00E1B99B /* phone.png */; };
		C46C748C1A37486E00E1B99B /* setting.png in Resources */ = {isa = PBXBuildFile; fileRef = C46C74881A37486E00E1B99B /* setting.png */; };
		C486C6D11A4C4761000425E5 /* SceneListViewController.m in Sources */ = {isa = PBXBuildFile; fileRef = C486C6D01A4C4761000425E5 /* SceneListViewController.m */; };
		C486C6D41A4C49F9000425E5 /* SceneListParser.m in Sources */ = {isa = PBXBuildFile; fileRef = C486C6D31A4C49F9000425E5 /* SceneListParser.m */; };
		C486C6D81A4C5BEE000425E5 /* dashed_detail.png in Resources */ = {isa = PBXBuildFile; fileRef = C486C6D71A4C5BEE000425E5 /* dashed_detail.png */; };
		C4DD07711A3F269C0018DC8F /* addItemImage-iPad.png in Resources */ = {isa = PBXBuildFile; fileRef = C4DD076E1A3F269C0018DC8F /* addItemImage-iPad.png */; };
		C4DD07721A3F269C0018DC8F /* addItemImage.png in Resources */ = {isa = PBXBuildFile; fileRef = C4DD076F1A3F269C0018DC8F /* addItemImage.png */; };
		C4DD07731A3F269C0018DC8F /* addItemImage@2x.png in Resources */ = {isa = PBXBuildFile; fileRef = C4DD07701A3F269C0018DC8F /* addItemImage@2x.png */; };
/* End PBXBuildFile section */

/* Begin PBXFileReference section */
		044BB2F11A3BF1260003B71D /* SettingIndexViewController.h */ = {isa = PBXFileReference; fileEncoding = 4; lastKnownFileType = sourcecode.c.h; name = SettingIndexViewController.h; path = Classes/SettingIndexViewController.h; sourceTree = "<group>"; };
		044BB2F21A3BF1260003B71D /* SettingIndexViewController.m */ = {isa = PBXFileReference; fileEncoding = 4; lastKnownFileType = sourcecode.c.objc; name = SettingIndexViewController.m; path = Classes/SettingIndexViewController.m; sourceTree = "<group>"; };
		045106B91A45B6AB0099BF0E /* aircona.png */ = {isa = PBXFileReference; lastKnownFileType = image.png; path = aircona.png; sourceTree = "<group>"; };
		045106BA1A45B6AB0099BF0E /* curtain.png */ = {isa = PBXFileReference; lastKnownFileType = image.png; path = curtain.png; sourceTree = "<group>"; };
		045106BB1A45B6AB0099BF0E /* curtaina.png */ = {isa = PBXFileReference; lastKnownFileType = image.png; path = curtaina.png; sourceTree = "<group>"; };
		045106BC1A45B6AB0099BF0E /* dinner.png */ = {isa = PBXFileReference; lastKnownFileType = image.png; path = dinner.png; sourceTree = "<group>"; };
		045106BD1A45B6AB0099BF0E /* entertainment.png */ = {isa = PBXFileReference; lastKnownFileType = image.png; path = entertainment.png; sourceTree = "<group>"; };
		045106BE1A45B6AB0099BF0E /* fitting.png */ = {isa = PBXFileReference; lastKnownFileType = image.png; path = fitting.png; sourceTree = "<group>"; };
		045106BF1A45B6AB0099BF0E /* gym.png */ = {isa = PBXFileReference; lastKnownFileType = image.png; path = gym.png; sourceTree = "<group>"; };
		045106C01A45B6AB0099BF0E /* home_arming.png */ = {isa = PBXFileReference; lastKnownFileType = image.png; path = home_arming.png; sourceTree = "<group>"; };
		045106C11A45B6AB0099BF0E /* home_at.png */ = {isa = PBXFileReference; lastKnownFileType = image.png; path = home_at.png; sourceTree = "<group>"; };
		045106C21A45B6AB0099BF0E /* home_away.png */ = {isa = PBXFileReference; lastKnownFileType = image.png; path = home_away.png; sourceTree = "<group>"; };
		045106C31A45B6AB0099BF0E /* home_disarm.png */ = {isa = PBXFileReference; lastKnownFileType = image.png; path = home_disarm.png; sourceTree = "<group>"; };
		045106C41A45B6AB0099BF0E /* home_midnight.png */ = {isa = PBXFileReference; lastKnownFileType = image.png; path = home_midnight.png; sourceTree = "<group>"; };
		045106C51A45B6AB0099BF0E /* makeup.png */ = {isa = PBXFileReference; lastKnownFileType = image.png; path = makeup.png; sourceTree = "<group>"; };
		045106C61A45B6AB0099BF0E /* meeting.png */ = {isa = PBXFileReference; lastKnownFileType = image.png; path = meeting.png; sourceTree = "<group>"; };
		045106C71A45B6AB0099BF0E /* party.png */ = {isa = PBXFileReference; lastKnownFileType = image.png; path = party.png; sourceTree = "<group>"; };
		045106C81A45B6AB0099BF0E /* playground.png */ = {isa = PBXFileReference; lastKnownFileType = image.png; path = playground.png; sourceTree = "<group>"; };
		045106C91A45B6AB0099BF0E /* pray.png */ = {isa = PBXFileReference; lastKnownFileType = image.png; path = pray.png; sourceTree = "<group>"; };
		045106CA1A45B6AB0099BF0E /* romance.png */ = {isa = PBXFileReference; lastKnownFileType = image.png; path = romance.png; sourceTree = "<group>"; };
		045106CB1A45B6AB0099BF0E /* shower.png */ = {isa = PBXFileReference; lastKnownFileType = image.png; path = shower.png; sourceTree = "<group>"; };
		045106CC1A45B6AB0099BF0E /* silent.png */ = {isa = PBXFileReference; lastKnownFileType = image.png; path = silent.png; sourceTree = "<group>"; };
		045106CD1A45B6AB0099BF0E /* sleeping_day.png */ = {isa = PBXFileReference; lastKnownFileType = image.png; path = sleeping_day.png; sourceTree = "<group>"; };
		045106CE1A45B6AB0099BF0E /* sleeping_night.png */ = {isa = PBXFileReference; lastKnownFileType = image.png; path = sleeping_night.png; sourceTree = "<group>"; };
		045106CF1A45B6AB0099BF0E /* study.png */ = {isa = PBXFileReference; lastKnownFileType = image.png; path = study.png; sourceTree = "<group>"; };
		045106D01A45B6AB0099BF0E /* summer.png */ = {isa = PBXFileReference; lastKnownFileType = image.png; path = summer.png; sourceTree = "<group>"; };
		045106D11A45B6AB0099BF0E /* winter.png */ = {isa = PBXFileReference; lastKnownFileType = image.png; path = winter.png; sourceTree = "<group>"; };
		045106EB1A45BAAE0099BF0E /* checkbox_selected.png */ = {isa = PBXFileReference; lastKnownFileType = image.png; name = checkbox_selected.png; path = Resources/checkbox_selected.png; sourceTree = "<group>"; };
		045106EC1A45BAAE0099BF0E /* checkbox_unselect.png */ = {isa = PBXFileReference; lastKnownFileType = image.png; name = checkbox_unselect.png; path = Resources/checkbox_unselect.png; sourceTree = "<group>"; };
		045106EF1A45C2170099BF0E /* add_model.png */ = {isa = PBXFileReference; lastKnownFileType = image.png; name = add_model.png; path = Resources/add_model.png; sourceTree = "<group>"; };
		045106F11A45C3020099BF0E /* image_model_add.png */ = {isa = PBXFileReference; lastKnownFileType = image.png; name = image_model_add.png; path = Resources/image_model_add.png; sourceTree = "<group>"; };
		045106F31A45C59A0099BF0E /* setting_icon-iPad.png */ = {isa = PBXFileReference; lastKnownFileType = image.png; name = "setting_icon-iPad.png"; path = "Resources/setting_icon-iPad.png"; sourceTree = "<group>"; };
		045106F41A45C59A0099BF0E /* setting_icon-iPad@2x.png */ = {isa = PBXFileReference; lastKnownFileType = image.png; name = "setting_icon-iPad@2x.png"; path = "Resources/setting_icon-iPad@2x.png"; sourceTree = "<group>"; };
		045106F51A45C59A0099BF0E /* setting_icon.png */ = {isa = PBXFileReference; lastKnownFileType = image.png; name = setting_icon.png; path = Resources/setting_icon.png; sourceTree = "<group>"; };
		045106F61A45C59A0099BF0E /* setting_icon@2x.png */ = {isa = PBXFileReference; lastKnownFileType = image.png; name = "setting_icon@2x.png"; path = "Resources/setting_icon@2x.png"; sourceTree = "<group>"; };
		0452C09A1A346269009188E0 /* BaseServerParser.h */ = {isa = PBXFileReference; fileEncoding = 4; lastKnownFileType = sourcecode.c.h; name = BaseServerParser.h; path = Classes/BaseServerParser.h; sourceTree = "<group>"; };
		0452C09B1A346269009188E0 /* BaseServerParser.m */ = {isa = PBXFileReference; fileEncoding = 4; lastKnownFileType = sourcecode.c.objc; name = BaseServerParser.m; path = Classes/BaseServerParser.m; sourceTree = "<group>"; };
		0452C09D1A346F74009188E0 /* logo_phone.png */ = {isa = PBXFileReference; lastKnownFileType = image.png; name = logo_phone.png; path = Resources/logo_phone.png; sourceTree = "<group>"; };
		0452C09E1A346F74009188E0 /* logo_phone@2x.png */ = {isa = PBXFileReference; lastKnownFileType = image.png; name = "logo_phone@2x.png"; path = "Resources/logo_phone@2x.png"; sourceTree = "<group>"; };
		045774811A39659700F809D9 /* SceneModeViewController.h */ = {isa = PBXFileReference; fileEncoding = 4; lastKnownFileType = sourcecode.c.h; name = SceneModeViewController.h; path = Classes/SceneModeViewController.h; sourceTree = "<group>"; };
		045774821A39659700F809D9 /* SceneModeViewController.m */ = {isa = PBXFileReference; fileEncoding = 4; lastKnownFileType = sourcecode.c.objc; name = SceneModeViewController.m; path = Classes/SceneModeViewController.m; sourceTree = "<group>"; };
		045774841A3965EE00F809D9 /* LoginViewController.h */ = {isa = PBXFileReference; fileEncoding = 4; lastKnownFileType = sourcecode.c.h; name = LoginViewController.h; path = Classes/LoginViewController.h; sourceTree = "<group>"; };
		045774851A3965EE00F809D9 /* LoginViewController.m */ = {isa = PBXFileReference; fileEncoding = 4; lastKnownFileType = sourcecode.c.objc; name = LoginViewController.m; path = Classes/LoginViewController.m; sourceTree = "<group>"; };
		045774871A396A3100F809D9 /* divider_horizontal_line.png */ = {isa = PBXFileReference; lastKnownFileType = image.png; name = divider_horizontal_line.png; path = Resources/divider_horizontal_line.png; sourceTree = "<group>"; };
		045774891A396C1200F809D9 /* login_input.png */ = {isa = PBXFileReference; lastKnownFileType = image.png; name = login_input.png; path = Resources/login_input.png; sourceTree = "<group>"; };
		0457748B1A396D3B00F809D9 /* login_checkbox_btn_selected.png */ = {isa = PBXFileReference; lastKnownFileType = image.png; name = login_checkbox_btn_selected.png; path = Resources/login_checkbox_btn_selected.png; sourceTree = "<group>"; };
		0457748C1A396D3B00F809D9 /* login_checkbox_btn.png */ = {isa = PBXFileReference; lastKnownFileType = image.png; name = login_checkbox_btn.png; path = Resources/login_checkbox_btn.png; sourceTree = "<group>"; };
		0457748F1A3970C600F809D9 /* login_btn_press.png */ = {isa = PBXFileReference; lastKnownFileType = image.png; name = login_btn_press.png; path = Resources/login_btn_press.png; sourceTree = "<group>"; };
		045774901A3970C600F809D9 /* login_btn.png */ = {isa = PBXFileReference; lastKnownFileType = image.png; name = login_btn.png; path = Resources/login_btn.png; sourceTree = "<group>"; };
		045774961A397F7900F809D9 /* BaseViewController.h */ = {isa = PBXFileReference; fileEncoding = 4; lastKnownFileType = sourcecode.c.h; name = BaseViewController.h; path = Classes/Common/BaseViewController.h; sourceTree = "<group>"; };
		045774971A397F7900F809D9 /* BaseViewController.m */ = {isa = PBXFileReference; fileEncoding = 4; lastKnownFileType = sourcecode.c.objc; name = BaseViewController.m; path = Classes/Common/BaseViewController.m; sourceTree = "<group>"; };
		045F483E1A53D60D00AC520E /* SceneTableCell.h */ = {isa = PBXFileReference; fileEncoding = 4; lastKnownFileType = sourcecode.c.h; path = SceneTableCell.h; sourceTree = "<group>"; };
		045F483F1A53D60D00AC520E /* SceneTableCell.m */ = {isa = PBXFileReference; fileEncoding = 4; lastKnownFileType = sourcecode.c.objc; path = SceneTableCell.m; sourceTree = "<group>"; };
		046410DC1A3C01AD00571658 /* BaseNavigationController.h */ = {isa = PBXFileReference; fileEncoding = 4; lastKnownFileType = sourcecode.c.h; name = BaseNavigationController.h; path = Classes/BaseNavigationController.h; sourceTree = "<group>"; };
		046410DD1A3C01AD00571658 /* BaseNavigationController.m */ = {isa = PBXFileReference; fileEncoding = 4; lastKnownFileType = sourcecode.c.objc; name = BaseNavigationController.m; path = Classes/BaseNavigationController.m; sourceTree = "<group>"; };
		046410DF1A3C086F00571658 /* BasePushSegue.h */ = {isa = PBXFileReference; fileEncoding = 4; lastKnownFileType = sourcecode.c.h; path = BasePushSegue.h; sourceTree = "<group>"; };
		046410E01A3C086F00571658 /* BasePushSegue.m */ = {isa = PBXFileReference; fileEncoding = 4; lastKnownFileType = sourcecode.c.objc; path = BasePushSegue.m; sourceTree = "<group>"; };
		046CEE161A34463B00BC79E4 /* Default-Landscape@2x~ipad.png */ = {isa = PBXFileReference; lastKnownFileType = image.png; name = "Default-Landscape@2x~ipad.png"; path = "Resources/Default-Landscape@2x~ipad.png"; sourceTree = "<group>"; };
		046CEE171A34463B00BC79E4 /* Default-Landscape~ipad.png */ = {isa = PBXFileReference; lastKnownFileType = image.png; name = "Default-Landscape~ipad.png"; path = "Resources/Default-Landscape~ipad.png"; sourceTree = "<group>"; };
		046CEE181A34463B00BC79E4 /* Default-Portrait@2x~ipad.png */ = {isa = PBXFileReference; lastKnownFileType = image.png; name = "Default-Portrait@2x~ipad.png"; path = "Resources/Default-Portrait@2x~ipad.png"; sourceTree = "<group>"; };
		046CEE191A34463B00BC79E4 /* Default-Portrait~ipad.png */ = {isa = PBXFileReference; lastKnownFileType = image.png; name = "Default-Portrait~ipad.png"; path = "Resources/Default-Portrait~ipad.png"; sourceTree = "<group>"; };
		046CEE1E1A34500A00BC79E4 /* SystemConfiguration.framework */ = {isa = PBXFileReference; lastKnownFileType = wrapper.framework; name = SystemConfiguration.framework; path = System/Library/Frameworks/SystemConfiguration.framework; sourceTree = SDKROOT; };
		046CEE201A34501F00BC79E4 /* CFNetwork.framework */ = {isa = PBXFileReference; lastKnownFileType = wrapper.framework; name = CFNetwork.framework; path = System/Library/Frameworks/CFNetwork.framework; sourceTree = SDKROOT; };
		046CEE221A34502C00BC79E4 /* Security.framework */ = {isa = PBXFileReference; lastKnownFileType = wrapper.framework; name = Security.framework; path = System/Library/Frameworks/Security.framework; sourceTree = SDKROOT; };
		046CEE261A34557900BC79E4 /* CodeUtil.h */ = {isa = PBXFileReference; fileEncoding = 4; lastKnownFileType = sourcecode.c.h; path = CodeUtil.h; sourceTree = "<group>"; };
		046CEE271A34557900BC79E4 /* CodeUtil.m */ = {isa = PBXFileReference; fileEncoding = 4; lastKnownFileType = sourcecode.c.objc; path = CodeUtil.m; sourceTree = "<group>"; };
		046CEE281A34557900BC79E4 /* FileManager.h */ = {isa = PBXFileReference; fileEncoding = 4; lastKnownFileType = sourcecode.c.h; path = FileManager.h; sourceTree = "<group>"; };
		046CEE291A34557900BC79E4 /* FileManager.m */ = {isa = PBXFileReference; fileEncoding = 4; lastKnownFileType = sourcecode.c.objc; path = FileManager.m; sourceTree = "<group>"; };
		046CEE2A1A34557900BC79E4 /* HZActivityIndicatorView.h */ = {isa = PBXFileReference; fileEncoding = 4; lastKnownFileType = sourcecode.c.h; path = HZActivityIndicatorView.h; sourceTree = "<group>"; };
		046CEE2B1A34557900BC79E4 /* HZActivityIndicatorView.m */ = {isa = PBXFileReference; fileEncoding = 4; lastKnownFileType = sourcecode.c.objc; path = HZActivityIndicatorView.m; sourceTree = "<group>"; };
		046CEE2C1A34557900BC79E4 /* JsonParser.h */ = {isa = PBXFileReference; fileEncoding = 4; lastKnownFileType = sourcecode.c.h; path = JsonParser.h; sourceTree = "<group>"; };
		046CEE2D1A34557900BC79E4 /* JsonParser.m */ = {isa = PBXFileReference; fileEncoding = 4; lastKnownFileType = sourcecode.c.objc; path = JsonParser.m; sourceTree = "<group>"; };
		046CEE2E1A34557900BC79E4 /* MyServerIdManager.h */ = {isa = PBXFileReference; fileEncoding = 4; lastKnownFileType = sourcecode.c.h; path = MyServerIdManager.h; sourceTree = "<group>"; };
		046CEE2F1A34557900BC79E4 /* MyServerIdManager.m */ = {isa = PBXFileReference; fileEncoding = 4; lastKnownFileType = sourcecode.c.objc; path = MyServerIdManager.m; sourceTree = "<group>"; };
		046CEE301A34557900BC79E4 /* PulsingHaloLayer.h */ = {isa = PBXFileReference; fileEncoding = 4; lastKnownFileType = sourcecode.c.h; path = PulsingHaloLayer.h; sourceTree = "<group>"; };
		046CEE311A34557900BC79E4 /* PulsingHaloLayer.m */ = {isa = PBXFileReference; fileEncoding = 4; lastKnownFileType = sourcecode.c.objc; path = PulsingHaloLayer.m; sourceTree = "<group>"; };
		046CEE321A34557900BC79E4 /* TcpSocketHelper.h */ = {isa = PBXFileReference; fileEncoding = 4; lastKnownFileType = sourcecode.c.h; path = TcpSocketHelper.h; sourceTree = "<group>"; };
		046CEE331A34557900BC79E4 /* TcpSocketHelper.m */ = {isa = PBXFileReference; fileEncoding = 4; lastKnownFileType = sourcecode.c.objc; path = TcpSocketHelper.m; sourceTree = "<group>"; };
		046CEE341A34557900BC79E4 /* UdpIndicatorViewController.h */ = {isa = PBXFileReference; fileEncoding = 4; lastKnownFileType = sourcecode.c.h; name = UdpIndicatorViewController.h; path = Classes/Common/UdpIndicatorViewController.h; sourceTree = "<group>"; };
		046CEE351A34557900BC79E4 /* UdpIndicatorViewController.m */ = {isa = PBXFileReference; fileEncoding = 4; lastKnownFileType = sourcecode.c.objc; name = UdpIndicatorViewController.m; path = Classes/Common/UdpIndicatorViewController.m; sourceTree = "<group>"; };
		046CEE3F1A3455A000BC79E4 /* NSObject+SBJson.h */ = {isa = PBXFileReference; fileEncoding = 4; lastKnownFileType = sourcecode.c.h; path = "NSObject+SBJson.h"; sourceTree = "<group>"; };
		046CEE401A3455A000BC79E4 /* NSObject+SBJson.m */ = {isa = PBXFileReference; fileEncoding = 4; lastKnownFileType = sourcecode.c.objc; path = "NSObject+SBJson.m"; sourceTree = "<group>"; };
		046CEE411A3455A000BC79E4 /* SBJson.h */ = {isa = PBXFileReference; fileEncoding = 4; lastKnownFileType = sourcecode.c.h; path = SBJson.h; sourceTree = "<group>"; };
		046CEE421A3455A000BC79E4 /* SBJsonParser.h */ = {isa = PBXFileReference; fileEncoding = 4; lastKnownFileType = sourcecode.c.h; path = SBJsonParser.h; sourceTree = "<group>"; };
		046CEE431A3455A000BC79E4 /* SBJsonParser.m */ = {isa = PBXFileReference; fileEncoding = 4; lastKnownFileType = sourcecode.c.objc; path = SBJsonParser.m; sourceTree = "<group>"; };
		046CEE441A3455A000BC79E4 /* SBJsonStreamParser.h */ = {isa = PBXFileReference; fileEncoding = 4; lastKnownFileType = sourcecode.c.h; path = SBJsonStreamParser.h; sourceTree = "<group>"; };
		046CEE451A3455A000BC79E4 /* SBJsonStreamParser.m */ = {isa = PBXFileReference; fileEncoding = 4; lastKnownFileType = sourcecode.c.objc; path = SBJsonStreamParser.m; sourceTree = "<group>"; };
		046CEE461A3455A000BC79E4 /* SBJsonStreamParserAccumulator.h */ = {isa = PBXFileReference; fileEncoding = 4; lastKnownFileType = sourcecode.c.h; path = SBJsonStreamParserAccumulator.h; sourceTree = "<group>"; };
		046CEE471A3455A000BC79E4 /* SBJsonStreamParserAccumulator.m */ = {isa = PBXFileReference; fileEncoding = 4; lastKnownFileType = sourcecode.c.objc; path = SBJsonStreamParserAccumulator.m; sourceTree = "<group>"; };
		046CEE481A3455A000BC79E4 /* SBJsonStreamParserAdapter.h */ = {isa = PBXFileReference; fileEncoding = 4; lastKnownFileType = sourcecode.c.h; path = SBJsonStreamParserAdapter.h; sourceTree = "<group>"; };
		046CEE491A3455A000BC79E4 /* SBJsonStreamParserAdapter.m */ = {isa = PBXFileReference; fileEncoding = 4; lastKnownFileType = sourcecode.c.objc; path = SBJsonStreamParserAdapter.m; sourceTree = "<group>"; };
		046CEE4A1A3455A000BC79E4 /* SBJsonStreamParserState.h */ = {isa = PBXFileReference; fileEncoding = 4; lastKnownFileType = sourcecode.c.h; path = SBJsonStreamParserState.h; sourceTree = "<group>"; };
		046CEE4B1A3455A000BC79E4 /* SBJsonStreamParserState.m */ = {isa = PBXFileReference; fileEncoding = 4; lastKnownFileType = sourcecode.c.objc; path = SBJsonStreamParserState.m; sourceTree = "<group>"; };
		046CEE4C1A3455A000BC79E4 /* SBJsonStreamWriter.h */ = {isa = PBXFileReference; fileEncoding = 4; lastKnownFileType = sourcecode.c.h; path = SBJsonStreamWriter.h; sourceTree = "<group>"; };
		046CEE4D1A3455A000BC79E4 /* SBJsonStreamWriter.m */ = {isa = PBXFileReference; fileEncoding = 4; lastKnownFileType = sourcecode.c.objc; path = SBJsonStreamWriter.m; sourceTree = "<group>"; };
		046CEE4E1A3455A000BC79E4 /* SBJsonStreamWriterAccumulator.h */ = {isa = PBXFileReference; fileEncoding = 4; lastKnownFileType = sourcecode.c.h; path = SBJsonStreamWriterAccumulator.h; sourceTree = "<group>"; };
		046CEE4F1A3455A000BC79E4 /* SBJsonStreamWriterAccumulator.m */ = {isa = PBXFileReference; fileEncoding = 4; lastKnownFileType = sourcecode.c.objc; path = SBJsonStreamWriterAccumulator.m; sourceTree = "<group>"; };
		046CEE501A3455A000BC79E4 /* SBJsonStreamWriterState.h */ = {isa = PBXFileReference; fileEncoding = 4; lastKnownFileType = sourcecode.c.h; path = SBJsonStreamWriterState.h; sourceTree = "<group>"; };
		046CEE511A3455A000BC79E4 /* SBJsonStreamWriterState.m */ = {isa = PBXFileReference; fileEncoding = 4; lastKnownFileType = sourcecode.c.objc; path = SBJsonStreamWriterState.m; sourceTree = "<group>"; };
		046CEE521A3455A000BC79E4 /* SBJsonTokeniser.h */ = {isa = PBXFileReference; fileEncoding = 4; lastKnownFileType = sourcecode.c.h; path = SBJsonTokeniser.h; sourceTree = "<group>"; };
		046CEE531A3455A000BC79E4 /* SBJsonTokeniser.m */ = {isa = PBXFileReference; fileEncoding = 4; lastKnownFileType = sourcecode.c.objc; path = SBJsonTokeniser.m; sourceTree = "<group>"; };
		046CEE541A3455A000BC79E4 /* SBJsonUTF8Stream.h */ = {isa = PBXFileReference; fileEncoding = 4; lastKnownFileType = sourcecode.c.h; path = SBJsonUTF8Stream.h; sourceTree = "<group>"; };
		046CEE551A3455A000BC79E4 /* SBJsonUTF8Stream.m */ = {isa = PBXFileReference; fileEncoding = 4; lastKnownFileType = sourcecode.c.objc; path = SBJsonUTF8Stream.m; sourceTree = "<group>"; };
		046CEE561A3455A000BC79E4 /* SBJsonWriter.h */ = {isa = PBXFileReference; fileEncoding = 4; lastKnownFileType = sourcecode.c.h; path = SBJsonWriter.h; sourceTree = "<group>"; };
		046CEE571A3455A000BC79E4 /* SBJsonWriter.m */ = {isa = PBXFileReference; fileEncoding = 4; lastKnownFileType = sourcecode.c.objc; path = SBJsonWriter.m; sourceTree = "<group>"; };
		046CEE651A3455BC00BC79E4 /* GCDAsyncSocket.h */ = {isa = PBXFileReference; fileEncoding = 4; lastKnownFileType = sourcecode.c.h; path = GCDAsyncSocket.h; sourceTree = "<group>"; };
		046CEE661A3455BC00BC79E4 /* GCDAsyncSocket.m */ = {isa = PBXFileReference; fileEncoding = 4; lastKnownFileType = sourcecode.c.objc; path = GCDAsyncSocket.m; sourceTree = "<group>"; };
		046CEE671A3455BC00BC79E4 /* GCDAsyncUdpSocket.h */ = {isa = PBXFileReference; fileEncoding = 4; lastKnownFileType = sourcecode.c.h; path = GCDAsyncUdpSocket.h; sourceTree = "<group>"; };
		046CEE681A3455BC00BC79E4 /* GCDAsyncUdpSocket.m */ = {isa = PBXFileReference; fileEncoding = 4; lastKnownFileType = sourcecode.c.objc; path = GCDAsyncUdpSocket.m; sourceTree = "<group>"; };
		046CEE6C1A3455D000BC79E4 /* CloNetworkUtil.h */ = {isa = PBXFileReference; fileEncoding = 4; lastKnownFileType = sourcecode.c.h; path = CloNetworkUtil.h; sourceTree = "<group>"; };
		046CEE6D1A3455D000BC79E4 /* CloNetworkUtil.m */ = {isa = PBXFileReference; fileEncoding = 4; lastKnownFileType = sourcecode.c.objc; path = CloNetworkUtil.m; sourceTree = "<group>"; };
		046CEE6E1A3455D000BC79E4 /* IPAddress.h */ = {isa = PBXFileReference; fileEncoding = 4; lastKnownFileType = sourcecode.c.h; path = IPAddress.h; sourceTree = "<group>"; };
		046CEE6F1A3455D000BC79E4 /* IPAdress.c */ = {isa = PBXFileReference; fileEncoding = 4; lastKnownFileType = sourcecode.c.c; path = IPAdress.c; sourceTree = "<group>"; };
		046CEE701A3455D000BC79E4 /* NetworkHelper.h */ = {isa = PBXFileReference; fileEncoding = 4; lastKnownFileType = sourcecode.c.h; path = NetworkHelper.h; sourceTree = "<group>"; };
		046CEE711A3455D000BC79E4 /* NetworkHelper.m */ = {isa = PBXFileReference; fileEncoding = 4; lastKnownFileType = sourcecode.c.objc; path = NetworkHelper.m; sourceTree = "<group>"; };
		046CEE721A3455D000BC79E4 /* NSDataAES.h */ = {isa = PBXFileReference; fileEncoding = 4; lastKnownFileType = sourcecode.c.h; path = NSDataAES.h; sourceTree = "<group>"; };
		046CEE731A3455D000BC79E4 /* NSDataAES.m */ = {isa = PBXFileReference; fileEncoding = 4; lastKnownFileType = sourcecode.c.objc; path = NSDataAES.m; sourceTree = "<group>"; };
		046CEE741A3455D000BC79E4 /* Reachability.h */ = {isa = PBXFileReference; fileEncoding = 4; lastKnownFileType = sourcecode.c.h; path = Reachability.h; sourceTree = "<group>"; };
		046CEE751A3455D000BC79E4 /* Reachability.m */ = {isa = PBXFileReference; fileEncoding = 4; lastKnownFileType = sourcecode.c.objc; path = Reachability.m; sourceTree = "<group>"; };
		046CEE7B1A34570B00BC79E4 /* Constants.h */ = {isa = PBXFileReference; fileEncoding = 4; lastKnownFileType = sourcecode.c.h; path = Constants.h; sourceTree = "<group>"; };
		047471471A3C88E4006FD502 /* CustomBadge.h */ = {isa = PBXFileReference; fileEncoding = 4; lastKnownFileType = sourcecode.c.h; path = CustomBadge.h; sourceTree = "<group>"; };
		047471481A3C88E4006FD502 /* CustomBadge.m */ = {isa = PBXFileReference; fileEncoding = 4; lastKnownFileType = sourcecode.c.objc; path = CustomBadge.m; sourceTree = "<group>"; };
		047471491A3C88E4006FD502 /* MyLauncherItem.h */ = {isa = PBXFileReference; fileEncoding = 4; lastKnownFileType = sourcecode.c.h; path = MyLauncherItem.h; sourceTree = "<group>"; };
		0474714A1A3C88E4006FD502 /* MyLauncherItem.m */ = {isa = PBXFileReference; fileEncoding = 4; lastKnownFileType = sourcecode.c.objc; path = MyLauncherItem.m; sourceTree = "<group>"; };
		0474714B1A3C88E4006FD502 /* MyLauncherPageControl.h */ = {isa = PBXFileReference; fileEncoding = 4; lastKnownFileType = sourcecode.c.h; path = MyLauncherPageControl.h; sourceTree = "<group>"; };
		0474714C1A3C88E4006FD502 /* MyLauncherPageControl.m */ = {isa = PBXFileReference; fileEncoding = 4; lastKnownFileType = sourcecode.c.objc; path = MyLauncherPageControl.m; sourceTree = "<group>"; };
		0474714D1A3C88E4006FD502 /* MyLauncherScrollView.h */ = {isa = PBXFileReference; fileEncoding = 4; lastKnownFileType = sourcecode.c.h; path = MyLauncherScrollView.h; sourceTree = "<group>"; };
		0474714E1A3C88E4006FD502 /* MyLauncherScrollView.m */ = {isa = PBXFileReference; fileEncoding = 4; lastKnownFileType = sourcecode.c.objc; path = MyLauncherScrollView.m; sourceTree = "<group>"; };
		0474714F1A3C88E4006FD502 /* MyLauncherView.h */ = {isa = PBXFileReference; fileEncoding = 4; lastKnownFileType = sourcecode.c.h; path = MyLauncherView.h; sourceTree = "<group>"; };
		047471501A3C88E4006FD502 /* MyLauncherView.m */ = {isa = PBXFileReference; fileEncoding = 4; lastKnownFileType = sourcecode.c.objc; path = MyLauncherView.m; sourceTree = "<group>"; };
		047471511A3C88E4006FD502 /* MyLauncherViewController.h */ = {isa = PBXFileReference; fileEncoding = 4; lastKnownFileType = sourcecode.c.h; path = MyLauncherViewController.h; sourceTree = "<group>"; };
		047471521A3C88E4006FD502 /* MyLauncherViewController.m */ = {isa = PBXFileReference; fileEncoding = 4; lastKnownFileType = sourcecode.c.objc; path = MyLauncherViewController.m; sourceTree = "<group>"; };
		047471591A3C894D006FD502 /* ItemViewController.h */ = {isa = PBXFileReference; fileEncoding = 4; lastKnownFileType = sourcecode.c.h; name = ItemViewController.h; path = Classes/ItemViewController.h; sourceTree = "<group>"; };
		0474715A1A3C894D006FD502 /* ItemViewController.m */ = {isa = PBXFileReference; fileEncoding = 4; lastKnownFileType = sourcecode.c.objc; name = ItemViewController.m; path = Classes/ItemViewController.m; sourceTree = "<group>"; };
		0474715C1A3C905C006FD502 /* close.png */ = {isa = PBXFileReference; lastKnownFileType = image.png; name = close.png; path = Resources/close.png; sourceTree = "<group>"; };
		0474715D1A3C905C006FD502 /* itemImage-iPad.png */ = {isa = PBXFileReference; lastKnownFileType = image.png; name = "itemImage-iPad.png"; path = "Resources/itemImage-iPad.png"; sourceTree = "<group>"; };
		0474715E1A3C905C006FD502 /* itemImage.png */ = {isa = PBXFileReference; lastKnownFileType = image.png; name = itemImage.png; path = Resources/itemImage.png; sourceTree = "<group>"; };
		0474715F1A3C905C006FD502 /* itemImage@2x.png */ = {isa = PBXFileReference; lastKnownFileType = image.png; name = "itemImage@2x.png"; path = "Resources/itemImage@2x.png"; sourceTree = "<group>"; };
		047471601A3C905C006FD502 /* launcher.png */ = {isa = PBXFileReference; lastKnownFileType = image.png; name = launcher.png; path = Resources/launcher.png; sourceTree = "<group>"; };
		047471661A3CA647006FD502 /* book.png */ = {isa = PBXFileReference; lastKnownFileType = image.png; name = book.png; path = Resources/book.png; sourceTree = "<group>"; };
		047471671A3CA647006FD502 /* book@2x.png */ = {isa = PBXFileReference; lastKnownFileType = image.png; name = "book@2x.png"; path = "Resources/book@2x.png"; sourceTree = "<group>"; };
		048C3CAA1A494273005180A3 /* icon_selected.png */ = {isa = PBXFileReference; lastKnownFileType = image.png; name = icon_selected.png; path = Resources/icon_selected.png; sourceTree = "<group>"; };
		048C3CAB1A494273005180A3 /* icon_selected@2x.png */ = {isa = PBXFileReference; lastKnownFileType = image.png; name = "icon_selected@2x.png"; path = "Resources/icon_selected@2x.png"; sourceTree = "<group>"; };
		049D54FE1A53899700C97B91 /* synchronized.png */ = {isa = PBXFileReference; lastKnownFileType = image.png; name = synchronized.png; path = Resources/synchronized.png; sourceTree = "<group>"; };
		049D54FF1A53899700C97B91 /* synchronized@2x.png */ = {isa = PBXFileReference; lastKnownFileType = image.png; name = "synchronized@2x.png"; path = "Resources/synchronized@2x.png"; sourceTree = "<group>"; };
		04BF07FB1A399A8B00F41510 /* input_bg_ipa.png */ = {isa = PBXFileReference; lastKnownFileType = image.png; name = input_bg_ipa.png; path = Resources/input_bg_ipa.png; sourceTree = "<group>"; };
		04BF07FC1A399A8B00F41510 /* input_bg_ipa@2x.png */ = {isa = PBXFileReference; lastKnownFileType = image.png; name = "input_bg_ipa@2x.png"; path = "Resources/input_bg_ipa@2x.png"; sourceTree = "<group>"; };
		04C2C2791A570381001A6E34 /* LocalFileManager.h */ = {isa = PBXFileReference; fileEncoding = 4; lastKnownFileType = sourcecode.c.h; name = LocalFileManager.h; path = Classes/LocalFileManager.h; sourceTree = "<group>"; };
		04C2C27A1A570381001A6E34 /* LocalFileManager.m */ = {isa = PBXFileReference; fileEncoding = 4; lastKnownFileType = sourcecode.c.objc; name = LocalFileManager.m; path = Classes/LocalFileManager.m; sourceTree = "<group>"; };
		04D3D3E11A34359A00C966EF /* HomeFurnishing.app */ = {isa = PBXFileReference; explicitFileType = wrapper.application; includeInIndex = 0; path = HomeFurnishing.app; sourceTree = BUILT_PRODUCTS_DIR; };
		04D3D3E51A34359A00C966EF /* Info.plist */ = {isa = PBXFileReference; lastKnownFileType = text.plist.xml; path = Info.plist; sourceTree = "<group>"; };
		04D3D3E61A34359A00C966EF /* main.m */ = {isa = PBXFileReference; lastKnownFileType = sourcecode.c.objc; path = main.m; sourceTree = "<group>"; };
		04D3D3E81A34359A00C966EF /* AppDelegate.h */ = {isa = PBXFileReference; lastKnownFileType = sourcecode.c.h; path = AppDelegate.h; sourceTree = "<group>"; };
		04D3D3E91A34359A00C966EF /* AppDelegate.m */ = {isa = PBXFileReference; lastKnownFileType = sourcecode.c.objc; path = AppDelegate.m; sourceTree = "<group>"; };
		04D3D3EF1A34359A00C966EF /* Base */ = {isa = PBXFileReference; lastKnownFileType = file.storyboard; name = Base; path = Base.lproj/Main.storyboard; sourceTree = "<group>"; };
		04D3D3F11A34359A00C966EF /* Images.xcassets */ = {isa = PBXFileReference; lastKnownFileType = folder.assetcatalog; path = Images.xcassets; sourceTree = "<group>"; };
		04D3D3F41A34359A00C966EF /* Base */ = {isa = PBXFileReference; lastKnownFileType = file.xib; name = Base; path = Base.lproj/LaunchScreen.xib; sourceTree = "<group>"; };
		04D3D40B1A34367800C966EF /* Foundation.framework */ = {isa = PBXFileReference; lastKnownFileType = wrapper.framework; name = Foundation.framework; path = System/Library/Frameworks/Foundation.framework; sourceTree = SDKROOT; };
		04D3D40D1A34368200C966EF /* UIKit.framework */ = {isa = PBXFileReference; lastKnownFileType = wrapper.framework; name = UIKit.framework; path = System/Library/Frameworks/UIKit.framework; sourceTree = SDKROOT; };
		04D3D40F1A34368D00C966EF /* CoreGraphics.framework */ = {isa = PBXFileReference; lastKnownFileType = wrapper.framework; name = CoreGraphics.framework; path = System/Library/Frameworks/CoreGraphics.framework; sourceTree = SDKROOT; };
		04D3D4161A34408700C966EF /* AppIcon29x29@2x~ipad.png */ = {isa = PBXFileReference; lastKnownFileType = image.png; name = "AppIcon29x29@2x~ipad.png"; path = "Resources/AppIcon29x29@2x~ipad.png"; sourceTree = "<group>"; };
		04D3D4171A34408700C966EF /* AppIcon29x29~ipad.png */ = {isa = PBXFileReference; lastKnownFileType = image.png; name = "AppIcon29x29~ipad.png"; path = "Resources/AppIcon29x29~ipad.png"; sourceTree = "<group>"; };
		04D3D4181A34408700C966EF /* AppIcon40x40@2x~ipad.png */ = {isa = PBXFileReference; lastKnownFileType = image.png; name = "AppIcon40x40@2x~ipad.png"; path = "Resources/AppIcon40x40@2x~ipad.png"; sourceTree = "<group>"; };
		04D3D4191A34408700C966EF /* AppIcon40x40~ipad.png */ = {isa = PBXFileReference; lastKnownFileType = image.png; name = "AppIcon40x40~ipad.png"; path = "Resources/AppIcon40x40~ipad.png"; sourceTree = "<group>"; };
		04D3D41A1A34408700C966EF /* AppIcon76x76@2x~ipad.png */ = {isa = PBXFileReference; lastKnownFileType = image.png; name = "AppIcon76x76@2x~ipad.png"; path = "Resources/AppIcon76x76@2x~ipad.png"; sourceTree = "<group>"; };
		04D3D41B1A34408700C966EF /* AppIcon76x76~ipad.png */ = {isa = PBXFileReference; lastKnownFileType = image.png; name = "AppIcon76x76~ipad.png"; path = "Resources/AppIcon76x76~ipad.png"; sourceTree = "<group>"; };
		04F4C1971A4E8D1100ED459A /* checkbox_normal.png */ = {isa = PBXFileReference; lastKnownFileType = image.png; name = checkbox_normal.png; path = Resources/checkbox_normal.png; sourceTree = "<group>"; };
		04F4C1981A4E8D1100ED459A /* checkbox_pressed.png */ = {isa = PBXFileReference; lastKnownFileType = image.png; name = checkbox_pressed.png; path = Resources/checkbox_pressed.png; sourceTree = "<group>"; };
		C46839CC1A49A4D600463841 /* ExecutionUnit.h */ = {isa = PBXFileReference; fileEncoding = 4; lastKnownFileType = sourcecode.c.h; name = ExecutionUnit.h; path = Classes/ExecutionUnit.h; sourceTree = "<group>"; };
		C46839CD1A49A4D600463841 /* ExecutionUnit.m */ = {isa = PBXFileReference; fileEncoding = 4; lastKnownFileType = sourcecode.c.objc; name = ExecutionUnit.m; path = Classes/ExecutionUnit.m; sourceTree = "<group>"; };
		C46839CF1A49B26200463841 /* ValidateInputUtil.h */ = {isa = PBXFileReference; fileEncoding = 4; lastKnownFileType = sourcecode.c.h; path = ValidateInputUtil.h; sourceTree = "<group>"; };
		C46839D01A49B26200463841 /* ValidateInputUtil.m */ = {isa = PBXFileReference; fileEncoding = 4; lastKnownFileType = sourcecode.c.objc; path = ValidateInputUtil.m; sourceTree = "<group>"; };
		C46C747F1A37320C00E1B99B /* background-Landscape.png */ = {isa = PBXFileReference; lastKnownFileType = image.png; name = "background-Landscape.png"; path = "Resources/background-Landscape.png"; sourceTree = "<group>"; };
		C46C74801A37320C00E1B99B /* background-Portrait.png */ = {isa = PBXFileReference; lastKnownFileType = image.png; name = "background-Portrait.png"; path = "Resources/background-Portrait.png"; sourceTree = "<group>"; };
		C46C74831A37442300E1B99B /* top_icon_bar.png */ = {isa = PBXFileReference; lastKnownFileType = image.png; name = top_icon_bar.png; path = Resources/top_icon_bar.png; sourceTree = "<group>"; };
		C46C74851A37486E00E1B99B /* home.png */ = {isa = PBXFileReference; lastKnownFileType = image.png; name = home.png; path = Resources/home.png; sourceTree = "<group>"; };
		C46C74861A37486E00E1B99B /* message.png */ = {isa = PBXFileReference; lastKnownFileType = image.png; name = message.png; path = Resources/message.png; sourceTree = "<group>"; };
		C46C74871A37486E00E1B99B /* phone.png */ = {isa = PBXFileReference; lastKnownFileType = image.png; name = phone.png; path = Resources/phone.png; sourceTree = "<group>"; };
		C46C74881A37486E00E1B99B /* setting.png */ = {isa = PBXFileReference; lastKnownFileType = image.png; name = setting.png; path = Resources/setting.png; sourceTree = "<group>"; };
		C486C6CF1A4C4761000425E5 /* SceneListViewController.h */ = {isa = PBXFileReference; fileEncoding = 4; lastKnownFileType = sourcecode.c.h; name = SceneListViewController.h; path = Classes/SceneListViewController.h; sourceTree = "<group>"; };
		C486C6D01A4C4761000425E5 /* SceneListViewController.m */ = {isa = PBXFileReference; fileEncoding = 4; lastKnownFileType = sourcecode.c.objc; name = SceneListViewController.m; path = Classes/SceneListViewController.m; sourceTree = "<group>"; };
		C486C6D21A4C49F9000425E5 /* SceneListParser.h */ = {isa = PBXFileReference; fileEncoding = 4; lastKnownFileType = sourcecode.c.h; name = SceneListParser.h; path = Classes/SceneListParser.h; sourceTree = "<group>"; };
		C486C6D31A4C49F9000425E5 /* SceneListParser.m */ = {isa = PBXFileReference; fileEncoding = 4; lastKnownFileType = sourcecode.c.objc; name = SceneListParser.m; path = Classes/SceneListParser.m; sourceTree = "<group>"; };
		C486C6D71A4C5BEE000425E5 /* dashed_detail.png */ = {isa = PBXFileReference; lastKnownFileType = image.png; name = dashed_detail.png; path = Resources/dashed_detail.png; sourceTree = "<group>"; };
		C4DD076E1A3F269C0018DC8F /* addItemImage-iPad.png */ = {isa = PBXFileReference; lastKnownFileType = image.png; name = "addItemImage-iPad.png"; path = "Resources/addItemImage-iPad.png"; sourceTree = "<group>"; };
		C4DD076F1A3F269C0018DC8F /* addItemImage.png */ = {isa = PBXFileReference; lastKnownFileType = image.png; name = addItemImage.png; path = Resources/addItemImage.png; sourceTree = "<group>"; };
		C4DD07701A3F269C0018DC8F /* addItemImage@2x.png */ = {isa = PBXFileReference; lastKnownFileType = image.png; name = "addItemImage@2x.png"; path = "Resources/addItemImage@2x.png"; sourceTree = "<group>"; };
		C4FD16EF1A39EBEC00EAF976 /* ControllerFunction.h */ = {isa = PBXFileReference; fileEncoding = 4; lastKnownFileType = sourcecode.c.h; name = ControllerFunction.h; path = Classes/ControllerFunction.h; sourceTree = "<group>"; };
/* End PBXFileReference section */

/* Begin PBXFrameworksBuildPhase section */
		04D3D3DE1A34359A00C966EF /* Frameworks */ = {
			isa = PBXFrameworksBuildPhase;
			buildActionMask = 2147483647;
			files = (
				046CEE231A34502C00BC79E4 /* Security.framework in Frameworks */,
				046CEE211A34501F00BC79E4 /* CFNetwork.framework in Frameworks */,
				046CEE1F1A34500A00BC79E4 /* SystemConfiguration.framework in Frameworks */,
				04D3D4101A34368D00C966EF /* CoreGraphics.framework in Frameworks */,
				04D3D40E1A34368200C966EF /* UIKit.framework in Frameworks */,
				04D3D40C1A34367800C966EF /* Foundation.framework in Frameworks */,
			);
			runOnlyForDeploymentPostprocessing = 0;
		};
/* End PBXFrameworksBuildPhase section */

/* Begin PBXGroup section */
		045106B81A45B6AB0099BF0E /* model */ = {
			isa = PBXGroup;
			children = (
				045106B91A45B6AB0099BF0E /* aircona.png */,
				045106BA1A45B6AB0099BF0E /* curtain.png */,
				045106BB1A45B6AB0099BF0E /* curtaina.png */,
				045106BC1A45B6AB0099BF0E /* dinner.png */,
				045106BD1A45B6AB0099BF0E /* entertainment.png */,
				045106BE1A45B6AB0099BF0E /* fitting.png */,
				045106BF1A45B6AB0099BF0E /* gym.png */,
				045106C01A45B6AB0099BF0E /* home_arming.png */,
				045106C11A45B6AB0099BF0E /* home_at.png */,
				045106C21A45B6AB0099BF0E /* home_away.png */,
				045106C31A45B6AB0099BF0E /* home_disarm.png */,
				045106C41A45B6AB0099BF0E /* home_midnight.png */,
				045106C51A45B6AB0099BF0E /* makeup.png */,
				045106C61A45B6AB0099BF0E /* meeting.png */,
				045106C71A45B6AB0099BF0E /* party.png */,
				045106C81A45B6AB0099BF0E /* playground.png */,
				045106C91A45B6AB0099BF0E /* pray.png */,
				045106CA1A45B6AB0099BF0E /* romance.png */,
				045106CB1A45B6AB0099BF0E /* shower.png */,
				045106CC1A45B6AB0099BF0E /* silent.png */,
				045106CD1A45B6AB0099BF0E /* sleeping_day.png */,
				045106CE1A45B6AB0099BF0E /* sleeping_night.png */,
				045106CF1A45B6AB0099BF0E /* study.png */,
				045106D01A45B6AB0099BF0E /* summer.png */,
				045106D11A45B6AB0099BF0E /* winter.png */,
			);
			name = model;
			path = Resources/model;
			sourceTree = "<group>";
		};
		0452C0991A34623C009188E0 /* Parser */ = {
			isa = PBXGroup;
			children = (
				0452C09A1A346269009188E0 /* BaseServerParser.h */,
				0452C09B1A346269009188E0 /* BaseServerParser.m */,
				C486C6D21A4C49F9000425E5 /* SceneListParser.h */,
				C486C6D31A4C49F9000425E5 /* SceneListParser.m */,
			);
			name = Parser;
			sourceTree = "<group>";
		};
		045774801A39656800F809D9 /* ViewController */ = {
			isa = PBXGroup;
			children = (
				045774811A39659700F809D9 /* SceneModeViewController.h */,
				045774821A39659700F809D9 /* SceneModeViewController.m */,
				045774841A3965EE00F809D9 /* LoginViewController.h */,
				045774851A3965EE00F809D9 /* LoginViewController.m */,
				C4FD16EF1A39EBEC00EAF976 /* ControllerFunction.h */,
				044BB2F11A3BF1260003B71D /* SettingIndexViewController.h */,
				044BB2F21A3BF1260003B71D /* SettingIndexViewController.m */,
				046410DC1A3C01AD00571658 /* BaseNavigationController.h */,
				046410DD1A3C01AD00571658 /* BaseNavigationController.m */,
				046CEE341A34557900BC79E4 /* UdpIndicatorViewController.h */,
				046CEE351A34557900BC79E4 /* UdpIndicatorViewController.m */,
				045774961A397F7900F809D9 /* BaseViewController.h */,
				045774971A397F7900F809D9 /* BaseViewController.m */,
				047471591A3C894D006FD502 /* ItemViewController.h */,
				0474715A1A3C894D006FD502 /* ItemViewController.m */,
				C486C6CF1A4C4761000425E5 /* SceneListViewController.h */,
				C486C6D01A4C4761000425E5 /* SceneListViewController.m */,
			);
			name = ViewController;
			sourceTree = "<group>";
		};
		046CEE251A34557900BC79E4 /* Common */ = {
			isa = PBXGroup;
			children = (
				046CEE261A34557900BC79E4 /* CodeUtil.h */,
				046CEE271A34557900BC79E4 /* CodeUtil.m */,
				046CEE281A34557900BC79E4 /* FileManager.h */,
				046CEE291A34557900BC79E4 /* FileManager.m */,
				046CEE2A1A34557900BC79E4 /* HZActivityIndicatorView.h */,
				046CEE2B1A34557900BC79E4 /* HZActivityIndicatorView.m */,
				046CEE2C1A34557900BC79E4 /* JsonParser.h */,
				046CEE2D1A34557900BC79E4 /* JsonParser.m */,
				046CEE2E1A34557900BC79E4 /* MyServerIdManager.h */,
				046CEE2F1A34557900BC79E4 /* MyServerIdManager.m */,
				046CEE301A34557900BC79E4 /* PulsingHaloLayer.h */,
				046CEE311A34557900BC79E4 /* PulsingHaloLayer.m */,
				046CEE321A34557900BC79E4 /* TcpSocketHelper.h */,
				046CEE331A34557900BC79E4 /* TcpSocketHelper.m */,
				046410DF1A3C086F00571658 /* BasePushSegue.h */,
				046410E01A3C086F00571658 /* BasePushSegue.m */,
				C46839CF1A49B26200463841 /* ValidateInputUtil.h */,
				C46839D01A49B26200463841 /* ValidateInputUtil.m */,
				045F483E1A53D60D00AC520E /* SceneTableCell.h */,
				045F483F1A53D60D00AC520E /* SceneTableCell.m */,
			);
			name = Common;
			path = Classes/Common;
			sourceTree = "<group>";
		};
		046CEE3E1A3455A000BC79E4 /* SBJson */ = {
			isa = PBXGroup;
			children = (
				046CEE3F1A3455A000BC79E4 /* NSObject+SBJson.h */,
				046CEE401A3455A000BC79E4 /* NSObject+SBJson.m */,
				046CEE411A3455A000BC79E4 /* SBJson.h */,
				046CEE421A3455A000BC79E4 /* SBJsonParser.h */,
				046CEE431A3455A000BC79E4 /* SBJsonParser.m */,
				046CEE441A3455A000BC79E4 /* SBJsonStreamParser.h */,
				046CEE451A3455A000BC79E4 /* SBJsonStreamParser.m */,
				046CEE461A3455A000BC79E4 /* SBJsonStreamParserAccumulator.h */,
				046CEE471A3455A000BC79E4 /* SBJsonStreamParserAccumulator.m */,
				046CEE481A3455A000BC79E4 /* SBJsonStreamParserAdapter.h */,
				046CEE491A3455A000BC79E4 /* SBJsonStreamParserAdapter.m */,
				046CEE4A1A3455A000BC79E4 /* SBJsonStreamParserState.h */,
				046CEE4B1A3455A000BC79E4 /* SBJsonStreamParserState.m */,
				046CEE4C1A3455A000BC79E4 /* SBJsonStreamWriter.h */,
				046CEE4D1A3455A000BC79E4 /* SBJsonStreamWriter.m */,
				046CEE4E1A3455A000BC79E4 /* SBJsonStreamWriterAccumulator.h */,
				046CEE4F1A3455A000BC79E4 /* SBJsonStreamWriterAccumulator.m */,
				046CEE501A3455A000BC79E4 /* SBJsonStreamWriterState.h */,
				046CEE511A3455A000BC79E4 /* SBJsonStreamWriterState.m */,
				046CEE521A3455A000BC79E4 /* SBJsonTokeniser.h */,
				046CEE531A3455A000BC79E4 /* SBJsonTokeniser.m */,
				046CEE541A3455A000BC79E4 /* SBJsonUTF8Stream.h */,
				046CEE551A3455A000BC79E4 /* SBJsonUTF8Stream.m */,
				046CEE561A3455A000BC79E4 /* SBJsonWriter.h */,
				046CEE571A3455A000BC79E4 /* SBJsonWriter.m */,
			);
			name = SBJson;
			path = Classes/SBJson;
			sourceTree = "<group>";
		};
		046CEE641A3455BC00BC79E4 /* Socket */ = {
			isa = PBXGroup;
			children = (
				046CEE651A3455BC00BC79E4 /* GCDAsyncSocket.h */,
				046CEE661A3455BC00BC79E4 /* GCDAsyncSocket.m */,
				046CEE671A3455BC00BC79E4 /* GCDAsyncUdpSocket.h */,
				046CEE681A3455BC00BC79E4 /* GCDAsyncUdpSocket.m */,
			);
			name = Socket;
			path = Classes/Socket;
			sourceTree = "<group>";
		};
		046CEE6B1A3455D000BC79E4 /* Utils */ = {
			isa = PBXGroup;
			children = (
				046CEE6C1A3455D000BC79E4 /* CloNetworkUtil.h */,
				046CEE6D1A3455D000BC79E4 /* CloNetworkUtil.m */,
				046CEE6E1A3455D000BC79E4 /* IPAddress.h */,
				046CEE6F1A3455D000BC79E4 /* IPAdress.c */,
				046CEE701A3455D000BC79E4 /* NetworkHelper.h */,
				046CEE711A3455D000BC79E4 /* NetworkHelper.m */,
				046CEE721A3455D000BC79E4 /* NSDataAES.h */,
				046CEE731A3455D000BC79E4 /* NSDataAES.m */,
				046CEE741A3455D000BC79E4 /* Reachability.h */,
				046CEE751A3455D000BC79E4 /* Reachability.m */,
			);
			name = Utils;
			path = Classes/Utils;
			sourceTree = "<group>";
		};
		047471461A3C88E4006FD502 /* MyLauncher */ = {
			isa = PBXGroup;
			children = (
				047471471A3C88E4006FD502 /* CustomBadge.h */,
				047471481A3C88E4006FD502 /* CustomBadge.m */,
				047471491A3C88E4006FD502 /* MyLauncherItem.h */,
				0474714A1A3C88E4006FD502 /* MyLauncherItem.m */,
				0474714B1A3C88E4006FD502 /* MyLauncherPageControl.h */,
				0474714C1A3C88E4006FD502 /* MyLauncherPageControl.m */,
				0474714D1A3C88E4006FD502 /* MyLauncherScrollView.h */,
				0474714E1A3C88E4006FD502 /* MyLauncherScrollView.m */,
				0474714F1A3C88E4006FD502 /* MyLauncherView.h */,
				047471501A3C88E4006FD502 /* MyLauncherView.m */,
				047471511A3C88E4006FD502 /* MyLauncherViewController.h */,
				047471521A3C88E4006FD502 /* MyLauncherViewController.m */,
			);
			name = MyLauncher;
			path = Classes/MyLauncher;
			sourceTree = "<group>";
		};
		04D3D3D81A34359900C966EF = {
			isa = PBXGroup;
			children = (
				04D3D3E31A34359A00C966EF /* HomeFurnishing */,
				04D3D40A1A34363F00C966EF /* Frameworks */,
				04D3D3E21A34359A00C966EF /* Products */,
			);
			sourceTree = "<group>";
		};
		04D3D3E21A34359A00C966EF /* Products */ = {
			isa = PBXGroup;
			children = (
				04D3D3E11A34359A00C966EF /* HomeFurnishing.app */,
			);
			name = Products;
			sourceTree = "<group>";
		};
		04D3D3E31A34359A00C966EF /* HomeFurnishing */ = {
			isa = PBXGroup;
			children = (
				04D3D4121A34376800C966EF /* Classes */,
				04D3D4131A34378200C966EF /* Resources */,
				04D3D3F11A34359A00C966EF /* Images.xcassets */,
				04D3D3E41A34359A00C966EF /* Supporting Files */,
			);
			path = HomeFurnishing;
			sourceTree = "<group>";
		};
		04D3D3E41A34359A00C966EF /* Supporting Files */ = {
			isa = PBXGroup;
			children = (
				04D3D3E51A34359A00C966EF /* Info.plist */,
				04D3D3E61A34359A00C966EF /* main.m */,
			);
			name = "Supporting Files";
			sourceTree = "<group>";
		};
		04D3D40A1A34363F00C966EF /* Frameworks */ = {
			isa = PBXGroup;
			children = (
				046CEE221A34502C00BC79E4 /* Security.framework */,
				046CEE201A34501F00BC79E4 /* CFNetwork.framework */,
				046CEE1E1A34500A00BC79E4 /* SystemConfiguration.framework */,
				04D3D40F1A34368D00C966EF /* CoreGraphics.framework */,
				04D3D40B1A34367800C966EF /* Foundation.framework */,
				04D3D40D1A34368200C966EF /* UIKit.framework */,
			);
			name = Frameworks;
			sourceTree = "<group>";
		};
		04D3D4121A34376800C966EF /* Classes */ = {
			isa = PBXGroup;
			children = (
				C46839CB1A49A36900463841 /* Model */,
				047471461A3C88E4006FD502 /* MyLauncher */,
				045774801A39656800F809D9 /* ViewController */,
				0452C0991A34623C009188E0 /* Parser */,
				046CEE251A34557900BC79E4 /* Common */,
				046CEE3E1A3455A000BC79E4 /* SBJson */,
				046CEE641A3455BC00BC79E4 /* Socket */,
				046CEE6B1A3455D000BC79E4 /* Utils */,
				046CEE7B1A34570B00BC79E4 /* Constants.h */,
				04D3D3E81A34359A00C966EF /* AppDelegate.h */,
				04D3D3E91A34359A00C966EF /* AppDelegate.m */,
				04D3D3EE1A34359A00C966EF /* Main.storyboard */,
				04D3D3F31A34359A00C966EF /* LaunchScreen.xib */,
			);
			name = Classes;
			sourceTree = "<group>";
		};
		04D3D4131A34378200C966EF /* Resources */ = {
			isa = PBXGroup;
			children = (
				0452C09D1A346F74009188E0 /* logo_phone.png */,
				0452C09E1A346F74009188E0 /* logo_phone@2x.png */,
				C46C747F1A37320C00E1B99B /* background-Landscape.png */,
				C46C74801A37320C00E1B99B /* background-Portrait.png */,
				045106EB1A45BAAE0099BF0E /* checkbox_selected.png */,
				045106EC1A45BAAE0099BF0E /* checkbox_unselect.png */,
				C46C74831A37442300E1B99B /* top_icon_bar.png */,
				C46C74851A37486E00E1B99B /* home.png */,
				C46C74861A37486E00E1B99B /* message.png */,
				C46C74871A37486E00E1B99B /* phone.png */,
				C46C74881A37486E00E1B99B /* setting.png */,
				045774871A396A3100F809D9 /* divider_horizontal_line.png */,
				045774891A396C1200F809D9 /* login_input.png */,
				0457748B1A396D3B00F809D9 /* login_checkbox_btn_selected.png */,
				0457748C1A396D3B00F809D9 /* login_checkbox_btn.png */,
				0457748F1A3970C600F809D9 /* login_btn_press.png */,
				045774901A3970C600F809D9 /* login_btn.png */,
				04BF07FB1A399A8B00F41510 /* input_bg_ipa.png */,
				04BF07FC1A399A8B00F41510 /* input_bg_ipa@2x.png */,
				0474715C1A3C905C006FD502 /* close.png */,
				0474715D1A3C905C006FD502 /* itemImage-iPad.png */,
				0474715E1A3C905C006FD502 /* itemImage.png */,
				0474715F1A3C905C006FD502 /* itemImage@2x.png */,
				C4DD076E1A3F269C0018DC8F /* addItemImage-iPad.png */,
				C4DD076F1A3F269C0018DC8F /* addItemImage.png */,
				C4DD07701A3F269C0018DC8F /* addItemImage@2x.png */,
				047471601A3C905C006FD502 /* launcher.png */,
				047471661A3CA647006FD502 /* book.png */,
				047471671A3CA647006FD502 /* book@2x.png */,
				045106EF1A45C2170099BF0E /* add_model.png */,
				045106F11A45C3020099BF0E /* image_model_add.png */,
				045106F31A45C59A0099BF0E /* setting_icon-iPad.png */,
				045106F41A45C59A0099BF0E /* setting_icon-iPad@2x.png */,
				045106F51A45C59A0099BF0E /* setting_icon.png */,
				045106F61A45C59A0099BF0E /* setting_icon@2x.png */,
				048C3CAA1A494273005180A3 /* icon_selected.png */,
				048C3CAB1A494273005180A3 /* icon_selected@2x.png */,
				C486C6D71A4C5BEE000425E5 /* dashed_detail.png */,
				04F4C1971A4E8D1100ED459A /* checkbox_normal.png */,
				04F4C1981A4E8D1100ED459A /* checkbox_pressed.png */,
				049D54FE1A53899700C97B91 /* synchronized.png */,
				049D54FF1A53899700C97B91 /* synchronized@2x.png */,
				045106B81A45B6AB0099BF0E /* model */,
				04D3D4151A34406900C966EF /* appicon */,
			);
			name = Resources;
			sourceTree = "<group>";
		};
		04D3D4151A34406900C966EF /* appicon */ = {
			isa = PBXGroup;
			children = (
				04D3D4161A34408700C966EF /* AppIcon29x29@2x~ipad.png */,
				04D3D4171A34408700C966EF /* AppIcon29x29~ipad.png */,
				04D3D4181A34408700C966EF /* AppIcon40x40@2x~ipad.png */,
				04D3D4191A34408700C966EF /* AppIcon40x40~ipad.png */,
				04D3D41A1A34408700C966EF /* AppIcon76x76@2x~ipad.png */,
				04D3D41B1A34408700C966EF /* AppIcon76x76~ipad.png */,
				046CEE161A34463B00BC79E4 /* Default-Landscape@2x~ipad.png */,
				046CEE171A34463B00BC79E4 /* Default-Landscape~ipad.png */,
				046CEE181A34463B00BC79E4 /* Default-Portrait@2x~ipad.png */,
				046CEE191A34463B00BC79E4 /* Default-Portrait~ipad.png */,
			);
			name = appicon;
			sourceTree = "<group>";
		};
		C46839CB1A49A36900463841 /* Model */ = {
			isa = PBXGroup;
			children = (
				C46839CC1A49A4D600463841 /* ExecutionUnit.h */,
				C46839CD1A49A4D600463841 /* ExecutionUnit.m */,
				04C2C2791A570381001A6E34 /* LocalFileManager.h */,
				04C2C27A1A570381001A6E34 /* LocalFileManager.m */,
			);
			name = Model;
			sourceTree = "<group>";
		};
/* End PBXGroup section */

/* Begin PBXNativeTarget section */
		04D3D3E01A34359A00C966EF /* HomeFurnishing */ = {
			isa = PBXNativeTarget;
			buildConfigurationList = 04D3D4041A34359A00C966EF /* Build configuration list for PBXNativeTarget "HomeFurnishing" */;
			buildPhases = (
				04D3D3DD1A34359A00C966EF /* Sources */,
				04D3D3DE1A34359A00C966EF /* Frameworks */,
				04D3D3DF1A34359A00C966EF /* Resources */,
			);
			buildRules = (
			);
			dependencies = (
			);
			name = HomeFurnishing;
			productName = HomeFurnishing;
			productReference = 04D3D3E11A34359A00C966EF /* HomeFurnishing.app */;
			productType = "com.apple.product-type.application";
		};
/* End PBXNativeTarget section */

/* Begin PBXProject section */
		04D3D3D91A34359900C966EF /* Project object */ = {
			isa = PBXProject;
			attributes = {
				LastUpgradeCheck = 0610;
				ORGANIZATIONNAME = handpay;
				TargetAttributes = {
					04D3D3E01A34359A00C966EF = {
						CreatedOnToolsVersion = 6.1.1;
					};
				};
			};
			buildConfigurationList = 04D3D3DC1A34359900C966EF /* Build configuration list for PBXProject "HomeFurnishing" */;
			compatibilityVersion = "Xcode 3.2";
			developmentRegion = English;
			hasScannedForEncodings = 0;
			knownRegions = (
				en,
				Base,
			);
			mainGroup = 04D3D3D81A34359900C966EF;
			productRefGroup = 04D3D3E21A34359A00C966EF /* Products */;
			projectDirPath = "";
			projectRoot = "";
			targets = (
				04D3D3E01A34359A00C966EF /* HomeFurnishing */,
			);
		};
/* End PBXProject section */

/* Begin PBXResourcesBuildPhase section */
		04D3D3DF1A34359A00C966EF /* Resources */ = {
			isa = PBXResourcesBuildPhase;
			buildActionMask = 2147483647;
			files = (
				045774921A3970C600F809D9 /* login_btn.png in Resources */,
				045106FA1A45C59A0099BF0E /* setting_icon@2x.png in Resources */,
				045106F91A45C59A0099BF0E /* setting_icon.png in Resources */,
				045106ED1A45BAAE0099BF0E /* checkbox_selected.png in Resources */,
				045106DF1A45B6AB0099BF0E /* meeting.png in Resources */,
				046CEE1C1A34463B00BC79E4 /* Default-Portrait@2x~ipad.png in Resources */,
				045106F21A45C3020099BF0E /* image_model_add.png in Resources */,
				C4DD07711A3F269C0018DC8F /* addItemImage-iPad.png in Resources */,
				047471681A3CA647006FD502 /* book.png in Resources */,
				045106F71A45C59A0099BF0E /* setting_icon-iPad.png in Resources */,
				047471621A3C905C006FD502 /* itemImage-iPad.png in Resources */,
				0452C09F1A346F74009188E0 /* logo_phone.png in Resources */,
				047471691A3CA647006FD502 /* book@2x.png in Resources */,
				045106E51A45B6AB0099BF0E /* silent.png in Resources */,
				04D3D3F01A34359A00C966EF /* Main.storyboard in Resources */,
				C46C74821A37320C00E1B99B /* background-Portrait.png in Resources */,
				C46C74811A37320C00E1B99B /* background-Landscape.png in Resources */,
				0457748D1A396D3B00F809D9 /* login_checkbox_btn_selected.png in Resources */,
				045106DC1A45B6AB0099BF0E /* home_disarm.png in Resources */,
				C486C6D81A4C5BEE000425E5 /* dashed_detail.png in Resources */,
				045106E31A45B6AB0099BF0E /* romance.png in Resources */,
				045106E41A45B6AB0099BF0E /* shower.png in Resources */,
				C4DD07731A3F269C0018DC8F /* addItemImage@2x.png in Resources */,
				046CEE1B1A34463B00BC79E4 /* Default-Landscape~ipad.png in Resources */,
				045106D51A45B6AB0099BF0E /* dinner.png in Resources */,
				04BF07FD1A399A8B00F41510 /* input_bg_ipa.png in Resources */,
				045106E01A45B6AB0099BF0E /* party.png in Resources */,
				04D3D4201A34408700C966EF /* AppIcon29x29@2x~ipad.png in Resources */,
				045106E91A45B6AB0099BF0E /* summer.png in Resources */,
				04D3D4231A34408700C966EF /* AppIcon40x40~ipad.png in Resources */,
				045106F01A45C2170099BF0E /* add_model.png in Resources */,
				045106F81A45C59A0099BF0E /* setting_icon-iPad@2x.png in Resources */,
				049D55011A53899700C97B91 /* synchronized@2x.png in Resources */,
				0452C0A01A346F74009188E0 /* logo_phone@2x.png in Resources */,
				04D3D3F51A34359A00C966EF /* LaunchScreen.xib in Resources */,
				045106E11A45B6AB0099BF0E /* playground.png in Resources */,
				045106D21A45B6AB0099BF0E /* aircona.png in Resources */,
				0457748A1A396C1200F809D9 /* login_input.png in Resources */,
				045106E81A45B6AB0099BF0E /* study.png in Resources */,
				C46C74841A37442300E1B99B /* top_icon_bar.png in Resources */,
				047471611A3C905C006FD502 /* close.png in Resources */,
				04F4C1991A4E8D1100ED459A /* checkbox_normal.png in Resources */,
				045106D61A45B6AB0099BF0E /* entertainment.png in Resources */,
				045106E61A45B6AB0099BF0E /* sleeping_day.png in Resources */,
				04D3D4211A34408700C966EF /* AppIcon29x29~ipad.png in Resources */,
				C46C74891A37486E00E1B99B /* home.png in Resources */,
				045774881A396A3100F809D9 /* divider_horizontal_line.png in Resources */,
				045106DE1A45B6AB0099BF0E /* makeup.png in Resources */,
				046CEE1A1A34463B00BC79E4 /* Default-Landscape@2x~ipad.png in Resources */,
				045106D31A45B6AB0099BF0E /* curtain.png in Resources */,
				045106EE1A45BAAE0099BF0E /* checkbox_unselect.png in Resources */,
				04BF07FE1A399A8B00F41510 /* input_bg_ipa@2x.png in Resources */,
				045106DB1A45B6AB0099BF0E /* home_away.png in Resources */,
				045774911A3970C600F809D9 /* login_btn_press.png in Resources */,
				04F4C19A1A4E8D1100ED459A /* checkbox_pressed.png in Resources */,
				047471641A3C905C006FD502 /* itemImage@2x.png in Resources */,
				04D3D4241A34408700C966EF /* AppIcon76x76@2x~ipad.png in Resources */,
				048C3CAC1A494273005180A3 /* icon_selected.png in Resources */,
				04D3D4251A34408700C966EF /* AppIcon76x76~ipad.png in Resources */,
				C46C748C1A37486E00E1B99B /* setting.png in Resources */,
				048C3CAD1A494273005180A3 /* icon_selected@2x.png in Resources */,
				049D55001A53899700C97B91 /* synchronized.png in Resources */,
				045106E71A45B6AB0099BF0E /* sleeping_night.png in Resources */,
				045106D71A45B6AB0099BF0E /* fitting.png in Resources */,
				045106D81A45B6AB0099BF0E /* gym.png in Resources */,
				04D3D3F21A34359A00C966EF /* Images.xcassets in Resources */,
				C4DD07721A3F269C0018DC8F /* addItemImage.png in Resources */,
				045106EA1A45B6AB0099BF0E /* winter.png in Resources */,
				047471631A3C905C006FD502 /* itemImage.png in Resources */,
				045106D91A45B6AB0099BF0E /* home_arming.png in Resources */,
				C46C748B1A37486E00E1B99B /* phone.png in Resources */,
				04D3D4221A34408700C966EF /* AppIcon40x40@2x~ipad.png in Resources */,
				046CEE1D1A34463B00BC79E4 /* Default-Portrait~ipad.png in Resources */,
				045106E21A45B6AB0099BF0E /* pray.png in Resources */,
				C46C748A1A37486E00E1B99B /* message.png in Resources */,
				045106D41A45B6AB0099BF0E /* curtaina.png in Resources */,
				045106DD1A45B6AB0099BF0E /* home_midnight.png in Resources */,
				045106DA1A45B6AB0099BF0E /* home_at.png in Resources */,
				047471651A3C905C006FD502 /* launcher.png in Resources */,
				0457748E1A396D3B00F809D9 /* login_checkbox_btn.png in Resources */,
			);
			runOnlyForDeploymentPostprocessing = 0;
		};
/* End PBXResourcesBuildPhase section */

/* Begin PBXSourcesBuildPhase section */
		04D3D3DD1A34359A00C966EF /* Sources */ = {
			isa = PBXSourcesBuildPhase;
			buildActionMask = 2147483647;
			files = (
				046CEE691A3455BC00BC79E4 /* GCDAsyncSocket.m in Sources */,
				047471571A3C88E4006FD502 /* MyLauncherView.m in Sources */,
				046CEE631A3455A000BC79E4 /* SBJsonWriter.m in Sources */,
				046410E11A3C086F00571658 /* BasePushSegue.m in Sources */,
				047471561A3C88E4006FD502 /* MyLauncherScrollView.m in Sources */,
				046CEE791A3455D000BC79E4 /* NSDataAES.m in Sources */,
				046CEE7A1A3455D000BC79E4 /* Reachability.m in Sources */,
				046CEE5E1A3455A000BC79E4 /* SBJsonStreamWriter.m in Sources */,
				046CEE781A3455D000BC79E4 /* NetworkHelper.m in Sources */,
				045774831A39659700F809D9 /* SceneModeViewController.m in Sources */,
				C46839CE1A49A4D600463841 /* ExecutionUnit.m in Sources */,
				046CEE611A3455A000BC79E4 /* SBJsonTokeniser.m in Sources */,
				045774861A3965EE00F809D9 /* LoginViewController.m in Sources */,
				046CEE761A3455D000BC79E4 /* CloNetworkUtil.m in Sources */,
				04C2C27B1A570381001A6E34 /* LocalFileManager.m in Sources */,
				044BB2F31A3BF1260003B71D /* SettingIndexViewController.m in Sources */,
				046CEE5F1A3455A000BC79E4 /* SBJsonStreamWriterAccumulator.m in Sources */,
				046CEE6A1A3455BC00BC79E4 /* GCDAsyncUdpSocket.m in Sources */,
				045F48401A53D60D00AC520E /* SceneTableCell.m in Sources */,
				04D3D3EA1A34359A00C966EF /* AppDelegate.m in Sources */,
				045774981A397F7900F809D9 /* BaseViewController.m in Sources */,
				047471541A3C88E4006FD502 /* MyLauncherItem.m in Sources */,
				046CEE3C1A34557900BC79E4 /* TcpSocketHelper.m in Sources */,
				046CEE361A34557900BC79E4 /* CodeUtil.m in Sources */,
				046CEE5D1A3455A000BC79E4 /* SBJsonStreamParserState.m in Sources */,
				046CEE591A3455A000BC79E4 /* SBJsonParser.m in Sources */,
				046CEE5B1A3455A000BC79E4 /* SBJsonStreamParserAccumulator.m in Sources */,
				047471531A3C88E4006FD502 /* CustomBadge.m in Sources */,
				0474715B1A3C894D006FD502 /* ItemViewController.m in Sources */,
				C46839D11A49B26200463841 /* ValidateInputUtil.m in Sources */,
				C486C6D41A4C49F9000425E5 /* SceneListParser.m in Sources */,
				047471551A3C88E4006FD502 /* MyLauncherPageControl.m in Sources */,
				046CEE601A3455A000BC79E4 /* SBJsonStreamWriterState.m in Sources */,
				046CEE3B1A34557900BC79E4 /* PulsingHaloLayer.m in Sources */,
				046CEE3A1A34557900BC79E4 /* MyServerIdManager.m in Sources */,
				046CEE3D1A34557900BC79E4 /* UdpIndicatorViewController.m in Sources */,
				046CEE381A34557900BC79E4 /* HZActivityIndicatorView.m in Sources */,
				046CEE621A3455A000BC79E4 /* SBJsonUTF8Stream.m in Sources */,
				046CEE371A34557900BC79E4 /* FileManager.m in Sources */,
				0452C09C1A346269009188E0 /* BaseServerParser.m in Sources */,
				04D3D3E71A34359A00C966EF /* main.m in Sources */,
				046410DE1A3C01AD00571658 /* BaseNavigationController.m in Sources */,
				046CEE5A1A3455A000BC79E4 /* SBJsonStreamParser.m in Sources */,
				046CEE581A3455A000BC79E4 /* NSObject+SBJson.m in Sources */,
				C486C6D11A4C4761000425E5 /* SceneListViewController.m in Sources */,
				047471581A3C88E4006FD502 /* MyLauncherViewController.m in Sources */,
				046CEE771A3455D000BC79E4 /* IPAdress.c in Sources */,
				046CEE391A34557900BC79E4 /* JsonParser.m in Sources */,
				046CEE5C1A3455A000BC79E4 /* SBJsonStreamParserAdapter.m in Sources */,
			);
			runOnlyForDeploymentPostprocessing = 0;
		};
/* End PBXSourcesBuildPhase section */

/* Begin PBXVariantGroup section */
		04D3D3EE1A34359A00C966EF /* Main.storyboard */ = {
			isa = PBXVariantGroup;
			children = (
				04D3D3EF1A34359A00C966EF /* Base */,
			);
			name = Main.storyboard;
			sourceTree = "<group>";
		};
		04D3D3F31A34359A00C966EF /* LaunchScreen.xib */ = {
			isa = PBXVariantGroup;
			children = (
				04D3D3F41A34359A00C966EF /* Base */,
			);
			name = LaunchScreen.xib;
			sourceTree = "<group>";
		};
/* End PBXVariantGroup section */

/* Begin XCBuildConfiguration section */
		04D3D4021A34359A00C966EF /* Debug */ = {
			isa = XCBuildConfiguration;
			buildSettings = {
				ALWAYS_SEARCH_USER_PATHS = NO;
				CLANG_CXX_LANGUAGE_STANDARD = "gnu++0x";
				CLANG_CXX_LIBRARY = "libc++";
				CLANG_ENABLE_MODULES = YES;
				CLANG_ENABLE_OBJC_ARC = YES;
				CLANG_WARN_BOOL_CONVERSION = YES;
				CLANG_WARN_CONSTANT_CONVERSION = YES;
				CLANG_WARN_DIRECT_OBJC_ISA_USAGE = YES_ERROR;
				CLANG_WARN_EMPTY_BODY = YES;
				CLANG_WARN_ENUM_CONVERSION = YES;
				CLANG_WARN_INT_CONVERSION = YES;
				CLANG_WARN_OBJC_ROOT_CLASS = YES_ERROR;
				CLANG_WARN_UNREACHABLE_CODE = YES;
				CLANG_WARN__DUPLICATE_METHOD_MATCH = YES;
				"CODE_SIGN_IDENTITY[sdk=iphoneos*]" = "iPhone Developer";
				COPY_PHASE_STRIP = NO;
				ENABLE_STRICT_OBJC_MSGSEND = YES;
				GCC_C_LANGUAGE_STANDARD = gnu99;
				GCC_DYNAMIC_NO_PIC = NO;
				GCC_OPTIMIZATION_LEVEL = 0;
				GCC_PREPROCESSOR_DEFINITIONS = (
					"DEBUG=1",
					"$(inherited)",
				);
				GCC_SYMBOLS_PRIVATE_EXTERN = NO;
				GCC_WARN_64_TO_32_BIT_CONVERSION = YES;
				GCC_WARN_ABOUT_RETURN_TYPE = YES_ERROR;
				GCC_WARN_UNDECLARED_SELECTOR = YES;
				GCC_WARN_UNINITIALIZED_AUTOS = YES_AGGRESSIVE;
				GCC_WARN_UNUSED_FUNCTION = YES;
				GCC_WARN_UNUSED_VARIABLE = YES;
				IPHONEOS_DEPLOYMENT_TARGET = 7.0;
				MTL_ENABLE_DEBUG_INFO = YES;
				ONLY_ACTIVE_ARCH = YES;
				SDKROOT = iphoneos;
				TARGETED_DEVICE_FAMILY = 2;
			};
			name = Debug;
		};
		04D3D4031A34359A00C966EF /* Release */ = {
			isa = XCBuildConfiguration;
			buildSettings = {
				ALWAYS_SEARCH_USER_PATHS = NO;
				CLANG_CXX_LANGUAGE_STANDARD = "gnu++0x";
				CLANG_CXX_LIBRARY = "libc++";
				CLANG_ENABLE_MODULES = YES;
				CLANG_ENABLE_OBJC_ARC = YES;
				CLANG_WARN_BOOL_CONVERSION = YES;
				CLANG_WARN_CONSTANT_CONVERSION = YES;
				CLANG_WARN_DIRECT_OBJC_ISA_USAGE = YES_ERROR;
				CLANG_WARN_EMPTY_BODY = YES;
				CLANG_WARN_ENUM_CONVERSION = YES;
				CLANG_WARN_INT_CONVERSION = YES;
				CLANG_WARN_OBJC_ROOT_CLASS = YES_ERROR;
				CLANG_WARN_UNREACHABLE_CODE = YES;
				CLANG_WARN__DUPLICATE_METHOD_MATCH = YES;
				"CODE_SIGN_IDENTITY[sdk=iphoneos*]" = "iPhone Developer";
				COPY_PHASE_STRIP = YES;
				ENABLE_NS_ASSERTIONS = NO;
				ENABLE_STRICT_OBJC_MSGSEND = YES;
				GCC_C_LANGUAGE_STANDARD = gnu99;
				GCC_WARN_64_TO_32_BIT_CONVERSION = YES;
				GCC_WARN_ABOUT_RETURN_TYPE = YES_ERROR;
				GCC_WARN_UNDECLARED_SELECTOR = YES;
				GCC_WARN_UNINITIALIZED_AUTOS = YES_AGGRESSIVE;
				GCC_WARN_UNUSED_FUNCTION = YES;
				GCC_WARN_UNUSED_VARIABLE = YES;
				IPHONEOS_DEPLOYMENT_TARGET = 7.0;
				MTL_ENABLE_DEBUG_INFO = NO;
				SDKROOT = iphoneos;
				TARGETED_DEVICE_FAMILY = 2;
				VALIDATE_PRODUCT = YES;
			};
			name = Release;
		};
		04D3D4051A34359A00C966EF /* Debug */ = {
			isa = XCBuildConfiguration;
			buildSettings = {
				ASSETCATALOG_COMPILER_APPICON_NAME = AppIcon;
				ASSETCATALOG_COMPILER_LAUNCHIMAGE_NAME = LaunchImage;
				INFOPLIST_FILE = HomeFurnishing/Info.plist;
				LD_RUNPATH_SEARCH_PATHS = "$(inherited) @executable_path/Frameworks";
				PRODUCT_NAME = "$(TARGET_NAME)";
				TARGETED_DEVICE_FAMILY = 2;
			};
			name = Debug;
		};
		04D3D4061A34359A00C966EF /* Release */ = {
			isa = XCBuildConfiguration;
			buildSettings = {
				ASSETCATALOG_COMPILER_APPICON_NAME = AppIcon;
				ASSETCATALOG_COMPILER_LAUNCHIMAGE_NAME = LaunchImage;
				INFOPLIST_FILE = HomeFurnishing/Info.plist;
				LD_RUNPATH_SEARCH_PATHS = "$(inherited) @executable_path/Frameworks";
				PRODUCT_NAME = "$(TARGET_NAME)";
				TARGETED_DEVICE_FAMILY = 2;
			};
			name = Release;
		};
/* End XCBuildConfiguration section */

/* Begin XCConfigurationList section */
		04D3D3DC1A34359900C966EF /* Build configuration list for PBXProject "HomeFurnishing" */ = {
			isa = XCConfigurationList;
			buildConfigurations = (
				04D3D4021A34359A00C966EF /* Debug */,
				04D3D4031A34359A00C966EF /* Release */,
			);
			defaultConfigurationIsVisible = 0;
			defaultConfigurationName = Release;
		};
		04D3D4041A34359A00C966EF /* Build configuration list for PBXNativeTarget "HomeFurnishing" */ = {
			isa = XCConfigurationList;
			buildConfigurations = (
				04D3D4051A34359A00C966EF /* Debug */,
				04D3D4061A34359A00C966EF /* Release */,
			);
			defaultConfigurationIsVisible = 0;
			defaultConfigurationName = Release;
		};
/* End XCConfigurationList section */
	};
	rootObject = 04D3D3D91A34359900C966EF /* Project object */;
}
